// !$*UTF8*$!
{
	archiveVersion = 1;
	classes = {
	};
	objectVersion = 46;
	objects = {

/* Begin PBXBuildFile section */
		8EAE134948C3C34098439CCD /* Pods_SmartHome.framework in Frameworks */ = {isa = PBXBuildFile; fileRef = 86B5DC480A66F1A9F2BD5501 /* Pods_SmartHome.framework */; };
		BD97D4991ECCABC8003F0337 /* SHRootViewController.m in Sources */ = {isa = PBXBuildFile; fileRef = BD97D4981ECCABC8003F0337 /* SHRootViewController.m */; };
		BDE559A81EC5F154006A8A6E /* main.m in Sources */ = {isa = PBXBuildFile; fileRef = BDE559A71EC5F154006A8A6E /* main.m */; };
		BDE559AB1EC5F154006A8A6E /* AppDelegate.m in Sources */ = {isa = PBXBuildFile; fileRef = BDE559AA1EC5F154006A8A6E /* AppDelegate.m */; };
		BDE559B31EC5F154006A8A6E /* Assets.xcassets in Resources */ = {isa = PBXBuildFile; fileRef = BDE559B21EC5F154006A8A6E /* Assets.xcassets */; };
		BDE559B61EC5F154006A8A6E /* LaunchScreen.storyboard in Resources */ = {isa = PBXBuildFile; fileRef = BDE559B41EC5F154006A8A6E /* LaunchScreen.storyboard */; };
		BDEBC2481ED1AAD400FA41A7 /* SHLeftDrawerViewController.m in Sources */ = {isa = PBXBuildFile; fileRef = BDEBC2471ED1AAD400FA41A7 /* SHLeftDrawerViewController.m */; };
		BDEBC24B1ED1AB0200FA41A7 /* SHBaseTableViewCell.m in Sources */ = {isa = PBXBuildFile; fileRef = BDEBC24A1ED1AB0200FA41A7 /* SHBaseTableViewCell.m */; };
		BDEBC24E1ED1AB1500FA41A7 /* SHBaseTableView.m in Sources */ = {isa = PBXBuildFile; fileRef = BDEBC24D1ED1AB1500FA41A7 /* SHBaseTableView.m */; };
		BDEBC2511ED1AB3800FA41A7 /* SHLeftDrawerCell.m in Sources */ = {isa = PBXBuildFile; fileRef = BDEBC2501ED1AB3800FA41A7 /* SHLeftDrawerCell.m */; };
		BDEBC2541ED9977800FA41A7 /* SHChangePasswordViewController.m in Sources */ = {isa = PBXBuildFile; fileRef = BDEBC2531ED9977800FA41A7 /* SHChangePasswordViewController.m */; };
		BDEBC2571ED9B7BD00FA41A7 /* SHBindGatewayViewController.m in Sources */ = {isa = PBXBuildFile; fileRef = BDEBC2561ED9B7BD00FA41A7 /* SHBindGatewayViewController.m */; };
		BDF32B011EC6036F00CDBAA1 /* SHBaseViewController.m in Sources */ = {isa = PBXBuildFile; fileRef = BDF32B001EC6036F00CDBAA1 /* SHBaseViewController.m */; };
		BDF32B041EC6039C00CDBAA1 /* SHHomeViewController.m in Sources */ = {isa = PBXBuildFile; fileRef = BDF32B031EC6039C00CDBAA1 /* SHHomeViewController.m */; };
		BDF32B0A1EC74D6500CDBAA1 /* SHNavigationBar.m in Sources */ = {isa = PBXBuildFile; fileRef = BDF32B091EC74D6500CDBAA1 /* SHNavigationBar.m */; };
		BDF32B0E1EC757C400CDBAA1 /* SHLoginViewController.m in Sources */ = {isa = PBXBuildFile; fileRef = BDF32B0D1EC757C400CDBAA1 /* SHLoginViewController.m */; };
		BDF32B181EC75B9D00CDBAA1 /* SHBaseURL.m in Sources */ = {isa = PBXBuildFile; fileRef = BDF32B171EC75B9D00CDBAA1 /* SHBaseURL.m */; };
		BDF32B1B1EC75C6800CDBAA1 /* SHNetworkManager.m in Sources */ = {isa = PBXBuildFile; fileRef = BDF32B1A1EC75C6800CDBAA1 /* SHNetworkManager.m */; };
		BDF32B1E1EC76FF800CDBAA1 /* SHUserManager.m in Sources */ = {isa = PBXBuildFile; fileRef = BDF32B1D1EC76FF800CDBAA1 /* SHUserManager.m */; };
		BDF32B211EC7711400CDBAA1 /* SHUtils.m in Sources */ = {isa = PBXBuildFile; fileRef = BDF32B201EC7711400CDBAA1 /* SHUtils.m */; };
		BDF32B281EC8726600CDBAA1 /* UIImage+Color.m in Sources */ = {isa = PBXBuildFile; fileRef = BDF32B271EC8726600CDBAA1 /* UIImage+Color.m */; };
/* End PBXBuildFile section */

/* Begin PBXCopyFilesBuildPhase section */
		BD2006DA1EC5FC0B00B6E733 /* Embed Frameworks */ = {
			isa = PBXCopyFilesBuildPhase;
			buildActionMask = 2147483647;
			dstPath = "";
			dstSubfolderSpec = 10;
			files = (
			);
			name = "Embed Frameworks";
			runOnlyForDeploymentPostprocessing = 0;
		};
/* End PBXCopyFilesBuildPhase section */

/* Begin PBXFileReference section */
		86B5DC480A66F1A9F2BD5501 /* Pods_SmartHome.framework */ = {isa = PBXFileReference; explicitFileType = wrapper.framework; includeInIndex = 0; path = Pods_SmartHome.framework; sourceTree = BUILT_PRODUCTS_DIR; };
		9E3A3FF952F96FF6B984F8AA /* Pods-SmartHome.release.xcconfig */ = {isa = PBXFileReference; includeInIndex = 1; lastKnownFileType = text.xcconfig; name = "Pods-SmartHome.release.xcconfig"; path = "Pods/Target Support Files/Pods-SmartHome/Pods-SmartHome.release.xcconfig"; sourceTree = "<group>"; };
		BD97D4971ECCABC8003F0337 /* SHRootViewController.h */ = {isa = PBXFileReference; fileEncoding = 4; lastKnownFileType = sourcecode.c.h; path = SHRootViewController.h; sourceTree = "<group>"; };
		BD97D4981ECCABC8003F0337 /* SHRootViewController.m */ = {isa = PBXFileReference; fileEncoding = 4; lastKnownFileType = sourcecode.c.objc; path = SHRootViewController.m; sourceTree = "<group>"; };
		BDE559A31EC5F154006A8A6E /* SmartHome.app */ = {isa = PBXFileReference; explicitFileType = wrapper.application; includeInIndex = 0; path = SmartHome.app; sourceTree = BUILT_PRODUCTS_DIR; };
		BDE559A71EC5F154006A8A6E /* main.m */ = {isa = PBXFileReference; lastKnownFileType = sourcecode.c.objc; path = main.m; sourceTree = "<group>"; };
		BDE559A91EC5F154006A8A6E /* AppDelegate.h */ = {isa = PBXFileReference; lastKnownFileType = sourcecode.c.h; path = AppDelegate.h; sourceTree = "<group>"; };
		BDE559AA1EC5F154006A8A6E /* AppDelegate.m */ = {isa = PBXFileReference; lastKnownFileType = sourcecode.c.objc; path = AppDelegate.m; sourceTree = "<group>"; };
		BDE559B21EC5F154006A8A6E /* Assets.xcassets */ = {isa = PBXFileReference; lastKnownFileType = folder.assetcatalog; path = Assets.xcassets; sourceTree = "<group>"; };
		BDE559B51EC5F154006A8A6E /* Base */ = {isa = PBXFileReference; lastKnownFileType = file.storyboard; name = Base; path = Base.lproj/LaunchScreen.storyboard; sourceTree = "<group>"; };
		BDE559B71EC5F154006A8A6E /* Info.plist */ = {isa = PBXFileReference; lastKnownFileType = text.plist.xml; path = Info.plist; sourceTree = "<group>"; };
		BDEBC2461ED1AAD400FA41A7 /* SHLeftDrawerViewController.h */ = {isa = PBXFileReference; fileEncoding = 4; lastKnownFileType = sourcecode.c.h; path = SHLeftDrawerViewController.h; sourceTree = "<group>"; };
		BDEBC2471ED1AAD400FA41A7 /* SHLeftDrawerViewController.m */ = {isa = PBXFileReference; fileEncoding = 4; lastKnownFileType = sourcecode.c.objc; path = SHLeftDrawerViewController.m; sourceTree = "<group>"; };
		BDEBC2491ED1AB0200FA41A7 /* SHBaseTableViewCell.h */ = {isa = PBXFileReference; fileEncoding = 4; lastKnownFileType = sourcecode.c.h; path = SHBaseTableViewCell.h; sourceTree = "<group>"; };
		BDEBC24A1ED1AB0200FA41A7 /* SHBaseTableViewCell.m */ = {isa = PBXFileReference; fileEncoding = 4; lastKnownFileType = sourcecode.c.objc; path = SHBaseTableViewCell.m; sourceTree = "<group>"; };
		BDEBC24C1ED1AB1500FA41A7 /* SHBaseTableView.h */ = {isa = PBXFileReference; fileEncoding = 4; lastKnownFileType = sourcecode.c.h; path = SHBaseTableView.h; sourceTree = "<group>"; };
		BDEBC24D1ED1AB1500FA41A7 /* SHBaseTableView.m */ = {isa = PBXFileReference; fileEncoding = 4; lastKnownFileType = sourcecode.c.objc; path = SHBaseTableView.m; sourceTree = "<group>"; };
		BDEBC24F1ED1AB3800FA41A7 /* SHLeftDrawerCell.h */ = {isa = PBXFileReference; fileEncoding = 4; lastKnownFileType = sourcecode.c.h; path = SHLeftDrawerCell.h; sourceTree = "<group>"; };
		BDEBC2501ED1AB3800FA41A7 /* SHLeftDrawerCell.m */ = {isa = PBXFileReference; fileEncoding = 4; lastKnownFileType = sourcecode.c.objc; path = SHLeftDrawerCell.m; sourceTree = "<group>"; };
		BDEBC2521ED9977800FA41A7 /* SHChangePasswordViewController.h */ = {isa = PBXFileReference; fileEncoding = 4; lastKnownFileType = sourcecode.c.h; path = SHChangePasswordViewController.h; sourceTree = "<group>"; };
		BDEBC2531ED9977800FA41A7 /* SHChangePasswordViewController.m */ = {isa = PBXFileReference; fileEncoding = 4; lastKnownFileType = sourcecode.c.objc; path = SHChangePasswordViewController.m; sourceTree = "<group>"; };
		BDEBC2551ED9B7BD00FA41A7 /* SHBindGatewayViewController.h */ = {isa = PBXFileReference; fileEncoding = 4; lastKnownFileType = sourcecode.c.h; path = SHBindGatewayViewController.h; sourceTree = "<group>"; };
		BDEBC2561ED9B7BD00FA41A7 /* SHBindGatewayViewController.m */ = {isa = PBXFileReference; fileEncoding = 4; lastKnownFileType = sourcecode.c.objc; path = SHBindGatewayViewController.m; sourceTree = "<group>"; };
		BDF32AFF1EC6036F00CDBAA1 /* SHBaseViewController.h */ = {isa = PBXFileReference; fileEncoding = 4; lastKnownFileType = sourcecode.c.h; path = SHBaseViewController.h; sourceTree = "<group>"; };
		BDF32B001EC6036F00CDBAA1 /* SHBaseViewController.m */ = {isa = PBXFileReference; fileEncoding = 4; lastKnownFileType = sourcecode.c.objc; path = SHBaseViewController.m; sourceTree = "<group>"; };
		BDF32B021EC6039C00CDBAA1 /* SHHomeViewController.h */ = {isa = PBXFileReference; fileEncoding = 4; lastKnownFileType = sourcecode.c.h; path = SHHomeViewController.h; sourceTree = "<group>"; };
		BDF32B031EC6039C00CDBAA1 /* SHHomeViewController.m */ = {isa = PBXFileReference; fileEncoding = 4; lastKnownFileType = sourcecode.c.objc; path = SHHomeViewController.m; sourceTree = "<group>"; };
		BDF32B061EC607CA00CDBAA1 /* SHMacro.h */ = {isa = PBXFileReference; lastKnownFileType = sourcecode.c.h; path = SHMacro.h; sourceTree = "<group>"; };
		BDF32B071EC609B500CDBAA1 /* PrefixHeader.pch */ = {isa = PBXFileReference; lastKnownFileType = sourcecode.c.h; path = PrefixHeader.pch; sourceTree = "<group>"; };
		BDF32B081EC74D6500CDBAA1 /* SHNavigationBar.h */ = {isa = PBXFileReference; fileEncoding = 4; lastKnownFileType = sourcecode.c.h; path = SHNavigationBar.h; sourceTree = "<group>"; };
		BDF32B091EC74D6500CDBAA1 /* SHNavigationBar.m */ = {isa = PBXFileReference; fileEncoding = 4; lastKnownFileType = sourcecode.c.objc; path = SHNavigationBar.m; sourceTree = "<group>"; };
		BDF32B0C1EC757C400CDBAA1 /* SHLoginViewController.h */ = {isa = PBXFileReference; fileEncoding = 4; lastKnownFileType = sourcecode.c.h; path = SHLoginViewController.h; sourceTree = "<group>"; };
		BDF32B0D1EC757C400CDBAA1 /* SHLoginViewController.m */ = {isa = PBXFileReference; fileEncoding = 4; lastKnownFileType = sourcecode.c.objc; path = SHLoginViewController.m; sourceTree = "<group>"; };
		BDF32B161EC75B9D00CDBAA1 /* SHBaseURL.h */ = {isa = PBXFileReference; fileEncoding = 4; lastKnownFileType = sourcecode.c.h; path = SHBaseURL.h; sourceTree = "<group>"; };
		BDF32B171EC75B9D00CDBAA1 /* SHBaseURL.m */ = {isa = PBXFileReference; fileEncoding = 4; lastKnownFileType = sourcecode.c.objc; path = SHBaseURL.m; sourceTree = "<group>"; };
		BDF32B191EC75C6800CDBAA1 /* SHNetworkManager.h */ = {isa = PBXFileReference; fileEncoding = 4; lastKnownFileType = sourcecode.c.h; path = SHNetworkManager.h; sourceTree = "<group>"; };
		BDF32B1A1EC75C6800CDBAA1 /* SHNetworkManager.m */ = {isa = PBXFileReference; fileEncoding = 4; lastKnownFileType = sourcecode.c.objc; path = SHNetworkManager.m; sourceTree = "<group>"; };
		BDF32B1C1EC76FF800CDBAA1 /* SHUserManager.h */ = {isa = PBXFileReference; fileEncoding = 4; lastKnownFileType = sourcecode.c.h; path = SHUserManager.h; sourceTree = "<group>"; };
		BDF32B1D1EC76FF800CDBAA1 /* SHUserManager.m */ = {isa = PBXFileReference; fileEncoding = 4; lastKnownFileType = sourcecode.c.objc; path = SHUserManager.m; sourceTree = "<group>"; };
		BDF32B1F1EC7711400CDBAA1 /* SHUtils.h */ = {isa = PBXFileReference; fileEncoding = 4; lastKnownFileType = sourcecode.c.h; path = SHUtils.h; sourceTree = "<group>"; };
		BDF32B201EC7711400CDBAA1 /* SHUtils.m */ = {isa = PBXFileReference; fileEncoding = 4; lastKnownFileType = sourcecode.c.objc; path = SHUtils.m; sourceTree = "<group>"; };
		BDF32B261EC8726600CDBAA1 /* UIImage+Color.h */ = {isa = PBXFileReference; fileEncoding = 4; lastKnownFileType = sourcecode.c.h; path = "UIImage+Color.h"; sourceTree = "<group>"; };
		BDF32B271EC8726600CDBAA1 /* UIImage+Color.m */ = {isa = PBXFileReference; fileEncoding = 4; lastKnownFileType = sourcecode.c.objc; path = "UIImage+Color.m"; sourceTree = "<group>"; };
		BE365101791D3B7B4619F1FB /* Pods-SmartHome.debug.xcconfig */ = {isa = PBXFileReference; includeInIndex = 1; lastKnownFileType = text.xcconfig; name = "Pods-SmartHome.debug.xcconfig"; path = "Pods/Target Support Files/Pods-SmartHome/Pods-SmartHome.debug.xcconfig"; sourceTree = "<group>"; };
/* End PBXFileReference section */

/* Begin PBXFrameworksBuildPhase section */
		BDE559A01EC5F154006A8A6E /* Frameworks */ = {
			isa = PBXFrameworksBuildPhase;
			buildActionMask = 2147483647;
			files = (
				8EAE134948C3C34098439CCD /* Pods_SmartHome.framework in Frameworks */,
			);
			runOnlyForDeploymentPostprocessing = 0;
		};
/* End PBXFrameworksBuildPhase section */

/* Begin PBXGroup section */
		15CCB1080FA78DD671E354F3 /* Pods */ = {
			isa = PBXGroup;
			children = (
				BE365101791D3B7B4619F1FB /* Pods-SmartHome.debug.xcconfig */,
				9E3A3FF952F96FF6B984F8AA /* Pods-SmartHome.release.xcconfig */,
			);
			name = Pods;
			sourceTree = "<group>";
		};
		8C7DC2D5EDF17D6052B49D40 /* Frameworks */ = {
			isa = PBXGroup;
			children = (
				86B5DC480A66F1A9F2BD5501 /* Pods_SmartHome.framework */,
			);
			name = Frameworks;
			sourceTree = "<group>";
		};
		BD97D4961ECCABAD003F0337 /* Root */ = {
			isa = PBXGroup;
			children = (
				BD97D4971ECCABC8003F0337 /* SHRootViewController.h */,
				BD97D4981ECCABC8003F0337 /* SHRootViewController.m */,
			);
			path = Root;
			sourceTree = "<group>";
		};
		BD97D49A1ECCACBA003F0337 /* LeftDrawer */ = {
			isa = PBXGroup;
			children = (
				BDEBC2441ED1AAD400FA41A7 /* View */,
				BDEBC2451ED1AAD400FA41A7 /* ViewController */,
			);
			path = LeftDrawer;
			sourceTree = "<group>";
		};
		BDE5599A1EC5F154006A8A6E = {
			isa = PBXGroup;
			children = (
				BDE559A51EC5F154006A8A6E /* SmartHome */,
				BDE559A41EC5F154006A8A6E /* Products */,
				15CCB1080FA78DD671E354F3 /* Pods */,
				8C7DC2D5EDF17D6052B49D40 /* Frameworks */,
			);
			sourceTree = "<group>";
		};
		BDE559A41EC5F154006A8A6E /* Products */ = {
			isa = PBXGroup;
			children = (
				BDE559A31EC5F154006A8A6E /* SmartHome.app */,
			);
			name = Products;
			sourceTree = "<group>";
		};
		BDE559A51EC5F154006A8A6E /* SmartHome */ = {
			isa = PBXGroup;
			children = (
				BD97D49A1ECCACBA003F0337 /* LeftDrawer */,
				BD97D4961ECCABAD003F0337 /* Root */,
				BDF32B221EC8720700CDBAA1 /* Category */,
				BDF32B151EC75B8D00CDBAA1 /* Network */,
				BDF32B0B1EC7577000CDBAA1 /* Login */,
				BDF32B051EC6074E00CDBAA1 /* Common */,
				BDF32AFE1EC6034300CDBAA1 /* Base */,
				BDE559BF1EC5F2F7006A8A6E /* Home */,
				BDE559A91EC5F154006A8A6E /* AppDelegate.h */,
				BDE559AA1EC5F154006A8A6E /* AppDelegate.m */,
				BDE559B21EC5F154006A8A6E /* Assets.xcassets */,
				BDE559B41EC5F154006A8A6E /* LaunchScreen.storyboard */,
				BDE559B71EC5F154006A8A6E /* Info.plist */,
				BDE559A61EC5F154006A8A6E /* Supporting Files */,
			);
			path = SmartHome;
			sourceTree = "<group>";
		};
		BDE559A61EC5F154006A8A6E /* Supporting Files */ = {
			isa = PBXGroup;
			children = (
				BDE559A71EC5F154006A8A6E /* main.m */,
				BDF32B071EC609B500CDBAA1 /* PrefixHeader.pch */,
			);
			name = "Supporting Files";
			sourceTree = "<group>";
		};
		BDE559BF1EC5F2F7006A8A6E /* Home */ = {
			isa = PBXGroup;
			children = (
				BDF32B021EC6039C00CDBAA1 /* SHHomeViewController.h */,
				BDF32B031EC6039C00CDBAA1 /* SHHomeViewController.m */,
			);
			path = Home;
			sourceTree = "<group>";
		};
		BDEBC2441ED1AAD400FA41A7 /* View */ = {
			isa = PBXGroup;
			children = (
				BDEBC24F1ED1AB3800FA41A7 /* SHLeftDrawerCell.h */,
				BDEBC2501ED1AB3800FA41A7 /* SHLeftDrawerCell.m */,
			);
			path = View;
			sourceTree = "<group>";
		};
		BDEBC2451ED1AAD400FA41A7 /* ViewController */ = {
			isa = PBXGroup;
			children = (
				BDEBC2461ED1AAD400FA41A7 /* SHLeftDrawerViewController.h */,
				BDEBC2471ED1AAD400FA41A7 /* SHLeftDrawerViewController.m */,
				BDEBC2521ED9977800FA41A7 /* SHChangePasswordViewController.h */,
				BDEBC2531ED9977800FA41A7 /* SHChangePasswordViewController.m */,
				BDEBC2551ED9B7BD00FA41A7 /* SHBindGatewayViewController.h */,
				BDEBC2561ED9B7BD00FA41A7 /* SHBindGatewayViewController.m */,
			);
			path = ViewController;
			sourceTree = "<group>";
		};
		BDF32AFE1EC6034300CDBAA1 /* Base */ = {
			isa = PBXGroup;
			children = (
				BDF32AFF1EC6036F00CDBAA1 /* SHBaseViewController.h */,
				BDF32B001EC6036F00CDBAA1 /* SHBaseViewController.m */,
				BDF32B081EC74D6500CDBAA1 /* SHNavigationBar.h */,
				BDF32B091EC74D6500CDBAA1 /* SHNavigationBar.m */,
				BDEBC2491ED1AB0200FA41A7 /* SHBaseTableViewCell.h */,
				BDEBC24A1ED1AB0200FA41A7 /* SHBaseTableViewCell.m */,
				BDEBC24C1ED1AB1500FA41A7 /* SHBaseTableView.h */,
				BDEBC24D1ED1AB1500FA41A7 /* SHBaseTableView.m */,
			);
			path = Base;
			sourceTree = "<group>";
		};
		BDF32B051EC6074E00CDBAA1 /* Common */ = {
			isa = PBXGroup;
			children = (
				BDF32B061EC607CA00CDBAA1 /* SHMacro.h */,
				BDF32B1F1EC7711400CDBAA1 /* SHUtils.h */,
				BDF32B201EC7711400CDBAA1 /* SHUtils.m */,
			);
			path = Common;
			sourceTree = "<group>";
		};
		BDF32B0B1EC7577000CDBAA1 /* Login */ = {
			isa = PBXGroup;
			children = (
				BDF32B0C1EC757C400CDBAA1 /* SHLoginViewController.h */,
				BDF32B0D1EC757C400CDBAA1 /* SHLoginViewController.m */,
				BDF32B1C1EC76FF800CDBAA1 /* SHUserManager.h */,
				BDF32B1D1EC76FF800CDBAA1 /* SHUserManager.m */,
			);
			path = Login;
			sourceTree = "<group>";
		};
		BDF32B151EC75B8D00CDBAA1 /* Network */ = {
			isa = PBXGroup;
			children = (
				BDF32B161EC75B9D00CDBAA1 /* SHBaseURL.h */,
				BDF32B171EC75B9D00CDBAA1 /* SHBaseURL.m */,
				BDF32B191EC75C6800CDBAA1 /* SHNetworkManager.h */,
				BDF32B1A1EC75C6800CDBAA1 /* SHNetworkManager.m */,
			);
			path = Network;
			sourceTree = "<group>";
		};
		BDF32B221EC8720700CDBAA1 /* Category */ = {
			isa = PBXGroup;
			children = (
				BDF32B261EC8726600CDBAA1 /* UIImage+Color.h */,
				BDF32B271EC8726600CDBAA1 /* UIImage+Color.m */,
			);
			path = Category;
			sourceTree = "<group>";
		};
/* End PBXGroup section */

/* Begin PBXNativeTarget section */
		BDE559A21EC5F154006A8A6E /* SmartHome */ = {
			isa = PBXNativeTarget;
			buildConfigurationList = BDE559BA1EC5F154006A8A6E /* Build configuration list for PBXNativeTarget "SmartHome" */;
			buildPhases = (
				F2DD73D2440D5D5E8B8D2A31 /* [CP] Check Pods Manifest.lock */,
				BDE5599F1EC5F154006A8A6E /* Sources */,
				BDE559A01EC5F154006A8A6E /* Frameworks */,
				BDE559A11EC5F154006A8A6E /* Resources */,
				BD2006DA1EC5FC0B00B6E733 /* Embed Frameworks */,
				52C7A8C73656E4DEFDFAB05C /* [CP] Embed Pods Frameworks */,
				9BDF66442193B29A774DD40E /* [CP] Copy Pods Resources */,
			);
			buildRules = (
			);
			dependencies = (
			);
			name = SmartHome;
			productName = SmartHome;
			productReference = BDE559A31EC5F154006A8A6E /* SmartHome.app */;
			productType = "com.apple.product-type.application";
		};
/* End PBXNativeTarget section */

/* Begin PBXProject section */
		BDE5599B1EC5F154006A8A6E /* Project object */ = {
			isa = PBXProject;
			attributes = {
				LastUpgradeCheck = 0830;
				ORGANIZATIONNAME = "Xu Li";
				TargetAttributes = {
					BDE559A21EC5F154006A8A6E = {
						CreatedOnToolsVersion = 8.3.2;
						ProvisioningStyle = Automatic;
					};
				};
			};
			buildConfigurationList = BDE5599E1EC5F154006A8A6E /* Build configuration list for PBXProject "SmartHome" */;
			compatibilityVersion = "Xcode 3.2";
			developmentRegion = English;
			hasScannedForEncodings = 0;
			knownRegions = (
				en,
				Base,
			);
			mainGroup = BDE5599A1EC5F154006A8A6E;
			productRefGroup = BDE559A41EC5F154006A8A6E /* Products */;
			projectDirPath = "";
			projectRoot = "";
			targets = (
				BDE559A21EC5F154006A8A6E /* SmartHome */,
			);
		};
/* End PBXProject section */

/* Begin PBXResourcesBuildPhase section */
		BDE559A11EC5F154006A8A6E /* Resources */ = {
			isa = PBXResourcesBuildPhase;
			buildActionMask = 2147483647;
			files = (
				BDE559B61EC5F154006A8A6E /* LaunchScreen.storyboard in Resources */,
				BDE559B31EC5F154006A8A6E /* Assets.xcassets in Resources */,
			);
			runOnlyForDeploymentPostprocessing = 0;
		};
/* End PBXResourcesBuildPhase section */

/* Begin PBXShellScriptBuildPhase section */
		52C7A8C73656E4DEFDFAB05C /* [CP] Embed Pods Frameworks */ = {
			isa = PBXShellScriptBuildPhase;
			buildActionMask = 2147483647;
			files = (
			);
			inputPaths = (
			);
			name = "[CP] Embed Pods Frameworks";
			outputPaths = (
			);
			runOnlyForDeploymentPostprocessing = 0;
			shellPath = /bin/sh;
			shellScript = "\"${SRCROOT}/Pods/Target Support Files/Pods-SmartHome/Pods-SmartHome-frameworks.sh\"\n";
			showEnvVarsInLog = 0;
		};
		9BDF66442193B29A774DD40E /* [CP] Copy Pods Resources */ = {
			isa = PBXShellScriptBuildPhase;
			buildActionMask = 2147483647;
			files = (
			);
			inputPaths = (
			);
			name = "[CP] Copy Pods Resources";
			outputPaths = (
			);
			runOnlyForDeploymentPostprocessing = 0;
			shellPath = /bin/sh;
			shellScript = "\"${SRCROOT}/Pods/Target Support Files/Pods-SmartHome/Pods-SmartHome-resources.sh\"\n";
			showEnvVarsInLog = 0;
		};
		F2DD73D2440D5D5E8B8D2A31 /* [CP] Check Pods Manifest.lock */ = {
			isa = PBXShellScriptBuildPhase;
			buildActionMask = 2147483647;
			files = (
			);
			inputPaths = (
			);
			name = "[CP] Check Pods Manifest.lock";
			outputPaths = (
			);
			runOnlyForDeploymentPostprocessing = 0;
			shellPath = /bin/sh;
			shellScript = "diff \"${PODS_ROOT}/../Podfile.lock\" \"${PODS_ROOT}/Manifest.lock\" > /dev/null\nif [[ $? != 0 ]] ; then\n    cat << EOM\nerror: The sandbox is not in sync with the Podfile.lock. Run 'pod install' or update your CocoaPods installation.\nEOM\n    exit 1\nfi\n";
			showEnvVarsInLog = 0;
		};
/* End PBXShellScriptBuildPhase section */

/* Begin PBXSourcesBuildPhase section */
		BDE5599F1EC5F154006A8A6E /* Sources */ = {
			isa = PBXSourcesBuildPhase;
			buildActionMask = 2147483647;
			files = (
				BDEBC2541ED9977800FA41A7 /* SHChangePasswordViewController.m in Sources */,
				BDEBC2571ED9B7BD00FA41A7 /* SHBindGatewayViewController.m in Sources */,
				BDF32B211EC7711400CDBAA1 /* SHUtils.m in Sources */,
				BDF32B1E1EC76FF800CDBAA1 /* SHUserManager.m in Sources */,
				BDF32B041EC6039C00CDBAA1 /* SHHomeViewController.m in Sources */,
				BDEBC24B1ED1AB0200FA41A7 /* SHBaseTableViewCell.m in Sources */,
				BDF32B181EC75B9D00CDBAA1 /* SHBaseURL.m in Sources */,
				BDF32B0E1EC757C400CDBAA1 /* SHLoginViewController.m in Sources */,
				BDE559AB1EC5F154006A8A6E /* AppDelegate.m in Sources */,
				BDF32B011EC6036F00CDBAA1 /* SHBaseViewController.m in Sources */,
				BDEBC2511ED1AB3800FA41A7 /* SHLeftDrawerCell.m in Sources */,
				BD97D4991ECCABC8003F0337 /* SHRootViewController.m in Sources */,
				BDEBC2481ED1AAD400FA41A7 /* SHLeftDrawerViewController.m in Sources */,
				BDF32B1B1EC75C6800CDBAA1 /* SHNetworkManager.m in Sources */,
				BDF32B281EC8726600CDBAA1 /* UIImage+Color.m in Sources */,
				BDEBC24E1ED1AB1500FA41A7 /* SHBaseTableView.m in Sources */,
				BDE559A81EC5F154006A8A6E /* main.m in Sources */,
				BDF32B0A1EC74D6500CDBAA1 /* SHNavigationBar.m in Sources */,
			);
			runOnlyForDeploymentPostprocessing = 0;
		};
/* End PBXSourcesBuildPhase section */

/* Begin PBXVariantGroup section */
		BDE559B41EC5F154006A8A6E /* LaunchScreen.storyboard */ = {
			isa = PBXVariantGroup;
			children = (
				BDE559B51EC5F154006A8A6E /* Base */,
			);
			name = LaunchScreen.storyboard;
			sourceTree = "<group>";
		};
/* End PBXVariantGroup section */

/* Begin XCBuildConfiguration section */
		BDE559B81EC5F154006A8A6E /* Debug */ = {
			isa = XCBuildConfiguration;
			buildSettings = {
				ALWAYS_SEARCH_USER_PATHS = NO;
				CLANG_ANALYZER_NONNULL = YES;
				CLANG_ANALYZER_NUMBER_OBJECT_CONVERSION = YES_AGGRESSIVE;
				CLANG_CXX_LANGUAGE_STANDARD = "gnu++0x";
				CLANG_CXX_LIBRARY = "libc++";
				CLANG_ENABLE_MODULES = YES;
				CLANG_ENABLE_OBJC_ARC = YES;
				CLANG_WARN_BOOL_CONVERSION = YES;
				CLANG_WARN_CONSTANT_CONVERSION = YES;
				CLANG_WARN_DIRECT_OBJC_ISA_USAGE = YES_ERROR;
				CLANG_WARN_DOCUMENTATION_COMMENTS = YES;
				CLANG_WARN_EMPTY_BODY = YES;
				CLANG_WARN_ENUM_CONVERSION = YES;
				CLANG_WARN_INFINITE_RECURSION = YES;
				CLANG_WARN_INT_CONVERSION = YES;
				CLANG_WARN_OBJC_ROOT_CLASS = YES_ERROR;
				CLANG_WARN_SUSPICIOUS_MOVE = YES;
				CLANG_WARN_UNREACHABLE_CODE = YES;
				CLANG_WARN__DUPLICATE_METHOD_MATCH = YES;
				"CODE_SIGN_IDENTITY[sdk=iphoneos*]" = "iPhone Developer";
				COPY_PHASE_STRIP = NO;
				DEBUG_INFORMATION_FORMAT = dwarf;
				ENABLE_STRICT_OBJC_MSGSEND = YES;
				ENABLE_TESTABILITY = YES;
				GCC_C_LANGUAGE_STANDARD = gnu99;
				GCC_DYNAMIC_NO_PIC = NO;
				GCC_NO_COMMON_BLOCKS = YES;
				GCC_OPTIMIZATION_LEVEL = 0;
				GCC_PREPROCESSOR_DEFINITIONS = (
					"DEBUG=1",
					"$(inherited)",
				);
				GCC_WARN_64_TO_32_BIT_CONVERSION = YES;
				GCC_WARN_ABOUT_RETURN_TYPE = YES_ERROR;
				GCC_WARN_UNDECLARED_SELECTOR = YES;
				GCC_WARN_UNINITIALIZED_AUTOS = YES_AGGRESSIVE;
				GCC_WARN_UNUSED_FUNCTION = YES;
				GCC_WARN_UNUSED_VARIABLE = YES;
				IPHONEOS_DEPLOYMENT_TARGET = 10.3;
				MTL_ENABLE_DEBUG_INFO = YES;
				ONLY_ACTIVE_ARCH = YES;
				SDKROOT = iphoneos;
			};
			name = Debug;
		};
		BDE559B91EC5F154006A8A6E /* Release */ = {
			isa = XCBuildConfiguration;
			buildSettings = {
				ALWAYS_SEARCH_USER_PATHS = NO;
				CLANG_ANALYZER_NONNULL = YES;
				CLANG_ANALYZER_NUMBER_OBJECT_CONVERSION = YES_AGGRESSIVE;
				CLANG_CXX_LANGUAGE_STANDARD = "gnu++0x";
				CLANG_CXX_LIBRARY = "libc++";
				CLANG_ENABLE_MODULES = YES;
				CLANG_ENABLE_OBJC_ARC = YES;
				CLANG_WARN_BOOL_CONVERSION = YES;
				CLANG_WARN_CONSTANT_CONVERSION = YES;
				CLANG_WARN_DIRECT_OBJC_ISA_USAGE = YES_ERROR;
				CLANG_WARN_DOCUMENTATION_COMMENTS = YES;
				CLANG_WARN_EMPTY_BODY = YES;
				CLANG_WARN_ENUM_CONVERSION = YES;
				CLANG_WARN_INFINITE_RECURSION = YES;
				CLANG_WARN_INT_CONVERSION = YES;
				CLANG_WARN_OBJC_ROOT_CLASS = YES_ERROR;
				CLANG_WARN_SUSPICIOUS_MOVE = YES;
				CLANG_WARN_UNREACHABLE_CODE = YES;
				CLANG_WARN__DUPLICATE_METHOD_MATCH = YES;
				"CODE_SIGN_IDENTITY[sdk=iphoneos*]" = "iPhone Developer";
				COPY_PHASE_STRIP = NO;
				DEBUG_INFORMATION_FORMAT = "dwarf-with-dsym";
				ENABLE_NS_ASSERTIONS = NO;
				ENABLE_STRICT_OBJC_MSGSEND = YES;
				GCC_C_LANGUAGE_STANDARD = gnu99;
				GCC_NO_COMMON_BLOCKS = YES;
				GCC_WARN_64_TO_32_BIT_CONVERSION = YES;
				GCC_WARN_ABOUT_RETURN_TYPE = YES_ERROR;
				GCC_WARN_UNDECLARED_SELECTOR = YES;
				GCC_WARN_UNINITIALIZED_AUTOS = YES_AGGRESSIVE;
				GCC_WARN_UNUSED_FUNCTION = YES;
				GCC_WARN_UNUSED_VARIABLE = YES;
				IPHONEOS_DEPLOYMENT_TARGET = 10.3;
				MTL_ENABLE_DEBUG_INFO = NO;
				SDKROOT = iphoneos;
				VALIDATE_PRODUCT = YES;
			};
			name = Release;
		};
		BDE559BB1EC5F154006A8A6E /* Debug */ = {
			isa = XCBuildConfiguration;
			baseConfigurationReference = BE365101791D3B7B4619F1FB /* Pods-SmartHome.debug.xcconfig */;
			buildSettings = {
				ASSETCATALOG_COMPILER_APPICON_NAME = AppIcon;
				FRAMEWORK_SEARCH_PATHS = "$(inherited)";
				GCC_PREFIX_HEADER = "$(SRCROOT)/SmartHome/PrefixHeader.pch";
				INFOPLIST_FILE = SmartHome/Info.plist;
				LD_RUNPATH_SEARCH_PATHS = "$(inherited) @executable_path/Frameworks";
				PRODUCT_BUNDLE_IDENTIFIER = SmartHome.SmartHome;
				PRODUCT_NAME = "$(TARGET_NAME)";
			};
			name = Debug;
		};
		BDE559BC1EC5F154006A8A6E /* Release */ = {
			isa = XCBuildConfiguration;
			baseConfigurationReference = 9E3A3FF952F96FF6B984F8AA /* Pods-SmartHome.release.xcconfig */;
			buildSettings = {
				ASSETCATALOG_COMPILER_APPICON_NAME = AppIcon;
				FRAMEWORK_SEARCH_PATHS = "$(inherited)";
				GCC_PREFIX_HEADER = "$(SRCROOT)/SmartHome/PrefixHeader.pch";
				INFOPLIST_FILE = SmartHome/Info.plist;
				LD_RUNPATH_SEARCH_PATHS = "$(inherited) @executable_path/Frameworks";
				PRODUCT_BUNDLE_IDENTIFIER = SmartHome.SmartHome;
				PRODUCT_NAME = "$(TARGET_NAME)";
			};
			name = Release;
		};
/* End XCBuildConfiguration section */

/* Begin XCConfigurationList section */
		BDE5599E1EC5F154006A8A6E /* Build configuration list for PBXProject "SmartHome" */ = {
			isa = XCConfigurationList;
			buildConfigurations = (
				BDE559B81EC5F154006A8A6E /* Debug */,
				BDE559B91EC5F154006A8A6E /* Release */,
			);
			defaultConfigurationIsVisible = 0;
			defaultConfigurationName = Release;
		};
		BDE559BA1EC5F154006A8A6E /* Build configuration list for PBXNativeTarget "SmartHome" */ = {
			isa = XCConfigurationList;
			buildConfigurations = (
				BDE559BB1EC5F154006A8A6E /* Debug */,
				BDE559BC1EC5F154006A8A6E /* Release */,
			);
			defaultConfigurationIsVisible = 0;
			defaultConfigurationName = Release;
		};
/* End XCConfigurationList section */
	};
	rootObject = BDE5599B1EC5F154006A8A6E /* Project object */;
}
