// !$*UTF8*$!
{
	archiveVersion = 1;
	classes = {
	};
	objectVersion = 46;
	objects = {

/* Begin PBXBuildFile section */
		8EAE134948C3C34098439CCD /* Pods_SmartHome.framework in Frameworks */ = {isa = PBXBuildFile; fileRef = 86B5DC480A66F1A9F2BD5501 /* Pods_SmartHome.framework */; };
		BD12012F1EDB094B00694B17 /* SHRemoteLockViewController.m in Sources */ = {isa = PBXBuildFile; fileRef = BD12012E1EDB094B00694B17 /* SHRemoteLockViewController.m */; };
		BD1201321EDB099B00694B17 /* SHNavigationItem.m in Sources */ = {isa = PBXBuildFile; fileRef = BD1201311EDB099B00694B17 /* SHNavigationItem.m */; };
		BD1201351EDB1C0300694B17 /* SHBaseView.m in Sources */ = {isa = PBXBuildFile; fileRef = BD1201341EDB1C0300694B17 /* SHBaseView.m */; };
		BD12013B1EDB1CB200694B17 /* SHLockKeyboardViewController.m in Sources */ = {isa = PBXBuildFile; fileRef = BD12013A1EDB1CB200694B17 /* SHLockKeyboardViewController.m */; };
		BD1201411EDB2D2800694B17 /* SHSettingsViewController.m in Sources */ = {isa = PBXBuildFile; fileRef = BD1201401EDB2D2800694B17 /* SHSettingsViewController.m */; };
		BD1201471EDB2F9F00694B17 /* SHSettingsBaseCell.m in Sources */ = {isa = PBXBuildFile; fileRef = BD1201461EDB2F9F00694B17 /* SHSettingsBaseCell.m */; };
		BD12014A1EDB313300694B17 /* SHSettingSection.m in Sources */ = {isa = PBXBuildFile; fileRef = BD1201491EDB313300694B17 /* SHSettingSection.m */; };
		BD12014E1EDD29B300694B17 /* SHRemoteLockManager.m in Sources */ = {isa = PBXBuildFile; fileRef = BD12014D1EDD29B300694B17 /* SHRemoteLockManager.m */; };
		BD1201591EDD548900694B17 /* MXSCycleScrollView.m in Sources */ = {isa = PBXBuildFile; fileRef = BD1201531EDD548900694B17 /* MXSCycleScrollView.m */; };
		BD12015A1EDD548900694B17 /* RBCustomDatePickerView.m in Sources */ = {isa = PBXBuildFile; fileRef = BD1201551EDD548900694B17 /* RBCustomDatePickerView.m */; };
		BD12015B1EDD548900694B17 /* FDAlertView.m in Sources */ = {isa = PBXBuildFile; fileRef = BD1201581EDD548900694B17 /* FDAlertView.m */; };
		BD12015E1EDD646200694B17 /* SHSetLockPasswordViewController.m in Sources */ = {isa = PBXBuildFile; fileRef = BD12015D1EDD646200694B17 /* SHSetLockPasswordViewController.m */; };
		BD1201611EDD647600694B17 /* SHSetOfflinePasswordViewController.m in Sources */ = {isa = PBXBuildFile; fileRef = BD1201601EDD647600694B17 /* SHSetOfflinePasswordViewController.m */; };
		BD1BA1F01EF514A000369479 /* SHUserManager.m in Sources */ = {isa = PBXBuildFile; fileRef = BD1BA1EA1EF514A000369479 /* SHUserManager.m */; };
		BD1BA1F11EF514A000369479 /* SHLoginViewController.m in Sources */ = {isa = PBXBuildFile; fileRef = BD1BA1EF1EF514A000369479 /* SHLoginViewController.m */; };
		BD1BA1F41EF514B600369479 /* SHRegisterViewController.m in Sources */ = {isa = PBXBuildFile; fileRef = BD1BA1F31EF514B600369479 /* SHRegisterViewController.m */; };
		BD1BA1F71EF5203600369479 /* SHSecurityQuestionViewController.m in Sources */ = {isa = PBXBuildFile; fileRef = BD1BA1F61EF5203600369479 /* SHSecurityQuestionViewController.m */; };
		BD1BA1FD1EF66C4500369479 /* SHTabBarManager.m in Sources */ = {isa = PBXBuildFile; fileRef = BD1BA1FC1EF66C4500369479 /* SHTabBarManager.m */; };
		BD1BA2051EF6726C00369479 /* SHLockManageViewController.m in Sources */ = {isa = PBXBuildFile; fileRef = BD1BA2041EF6726C00369479 /* SHLockManageViewController.m */; };
		BD1BA2081EF6738400369479 /* SHLockTableView.m in Sources */ = {isa = PBXBuildFile; fileRef = BD1BA2071EF6738400369479 /* SHLockTableView.m */; };
		BD1BA20B1EF673A000369479 /* SHLockModel.m in Sources */ = {isa = PBXBuildFile; fileRef = BD1BA20A1EF673A000369479 /* SHLockModel.m */; };
		BD1BA20E1EF675D900369479 /* SHLockInfoCell.m in Sources */ = {isa = PBXBuildFile; fileRef = BD1BA20D1EF675D900369479 /* SHLockInfoCell.m */; };
		BD80BD781EF67DB200A7BDD1 /* SHRefreshHeader.m in Sources */ = {isa = PBXBuildFile; fileRef = BD80BD771EF67DB200A7BDD1 /* SHRefreshHeader.m */; };
		BD80BD7B1EF68AD200A7BDD1 /* SHLockDetailViewController.m in Sources */ = {isa = PBXBuildFile; fileRef = BD80BD7A1EF68AD200A7BDD1 /* SHLockDetailViewController.m */; };
		BD80BD7E1EF68D1500A7BDD1 /* SHBaseNavigationViewController.m in Sources */ = {isa = PBXBuildFile; fileRef = BD80BD7D1EF68D1500A7BDD1 /* SHBaseNavigationViewController.m */; };
		BD80BD811EF6914500A7BDD1 /* SHLockDetailHeader.m in Sources */ = {isa = PBXBuildFile; fileRef = BD80BD801EF6914500A7BDD1 /* SHLockDetailHeader.m */; };
		BD80BD841EF691D700A7BDD1 /* SHLockDetailCell.m in Sources */ = {isa = PBXBuildFile; fileRef = BD80BD831EF691D700A7BDD1 /* SHLockDetailCell.m */; };
		BD80BD871EF6ABB900A7BDD1 /* SHUnlockRecordViewController.m in Sources */ = {isa = PBXBuildFile; fileRef = BD80BD861EF6ABB900A7BDD1 /* SHUnlockRecordViewController.m */; };
		BD80BD8A1EF6ADB300A7BDD1 /* SHUnlockRecordCell.m in Sources */ = {isa = PBXBuildFile; fileRef = BD80BD891EF6ADB300A7BDD1 /* SHUnlockRecordCell.m */; };
		BD80BD8D1EF6B8B800A7BDD1 /* SHLockManager.m in Sources */ = {isa = PBXBuildFile; fileRef = BD80BD8C1EF6B8B800A7BDD1 /* SHLockManager.m */; };
		BD80BD901EF6BD0900A7BDD1 /* SHBaseModel.m in Sources */ = {isa = PBXBuildFile; fileRef = BD80BD8F1EF6BD0900A7BDD1 /* SHBaseModel.m */; };
		BD80BD931EF6C1FE00A7BDD1 /* SHAddLockViewController.m in Sources */ = {isa = PBXBuildFile; fileRef = BD80BD921EF6C1FE00A7BDD1 /* SHAddLockViewController.m */; };
		BD80BD961EF97B1900A7BDD1 /* SHLockEmptyCell.m in Sources */ = {isa = PBXBuildFile; fileRef = BD80BD951EF97B1900A7BDD1 /* SHLockEmptyCell.m */; };
		BD80BD991EFEC68000A7BDD1 /* SHNotificationSettingsViewController.m in Sources */ = {isa = PBXBuildFile; fileRef = BD80BD981EFEC68000A7BDD1 /* SHNotificationSettingsViewController.m */; };
		BD80BDA01F0A6B5C00A7BDD1 /* SHKeyManager.m in Sources */ = {isa = PBXBuildFile; fileRef = BD80BD9F1F0A6B5C00A7BDD1 /* SHKeyManager.m */; };
		BD80BDA31F0A791800A7BDD1 /* SHKeyModel.m in Sources */ = {isa = PBXBuildFile; fileRef = BD80BDA21F0A791800A7BDD1 /* SHKeyModel.m */; };
		BD80BDA61F0A7AC100A7BDD1 /* SHKeyDetailViewController.m in Sources */ = {isa = PBXBuildFile; fileRef = BD80BDA51F0A7AC100A7BDD1 /* SHKeyDetailViewController.m */; };
		BD80BDA91F0A7D2A00A7BDD1 /* SHAddKeyViewController.m in Sources */ = {isa = PBXBuildFile; fileRef = BD80BDA81F0A7D2A00A7BDD1 /* SHAddKeyViewController.m */; };
		BD876CE61EE1C2B9009CE37B /* SHWaterReaderViewController.m in Sources */ = {isa = PBXBuildFile; fileRef = BD876CE51EE1C2B9009CE37B /* SHWaterReaderViewController.m */; };
		BD876CEA1EE1C5A6009CE37B /* SHWaterReaderManager.m in Sources */ = {isa = PBXBuildFile; fileRef = BD876CE91EE1C5A6009CE37B /* SHWaterReaderManager.m */; };
		BD876CEE1EE1CDF2009CE37B /* SHWaterReaderModel.m in Sources */ = {isa = PBXBuildFile; fileRef = BD876CED1EE1CDF2009CE37B /* SHWaterReaderModel.m */; };
		BD97D4991ECCABC8003F0337 /* SHRootViewController.m in Sources */ = {isa = PBXBuildFile; fileRef = BD97D4981ECCABC8003F0337 /* SHRootViewController.m */; };
		BDADA2971EEE7332008DBB0B /* SHQRCodeScannerViewController.m in Sources */ = {isa = PBXBuildFile; fileRef = BDADA2961EEE7332008DBB0B /* SHQRCodeScannerViewController.m */; };
		BDADA29C1EEE906D008DBB0B /* SHQRCodeMaskView.m in Sources */ = {isa = PBXBuildFile; fileRef = BDADA29B1EEE906D008DBB0B /* SHQRCodeMaskView.m */; };
		BDE559A81EC5F154006A8A6E /* main.m in Sources */ = {isa = PBXBuildFile; fileRef = BDE559A71EC5F154006A8A6E /* main.m */; };
		BDE559AB1EC5F154006A8A6E /* AppDelegate.m in Sources */ = {isa = PBXBuildFile; fileRef = BDE559AA1EC5F154006A8A6E /* AppDelegate.m */; };
		BDE559B31EC5F154006A8A6E /* Assets.xcassets in Resources */ = {isa = PBXBuildFile; fileRef = BDE559B21EC5F154006A8A6E /* Assets.xcassets */; };
		BDE559B61EC5F154006A8A6E /* LaunchScreen.storyboard in Resources */ = {isa = PBXBuildFile; fileRef = BDE559B41EC5F154006A8A6E /* LaunchScreen.storyboard */; };
		BDEBC2481ED1AAD400FA41A7 /* SHLeftDrawerViewController.m in Sources */ = {isa = PBXBuildFile; fileRef = BDEBC2471ED1AAD400FA41A7 /* SHLeftDrawerViewController.m */; };
		BDEBC24B1ED1AB0200FA41A7 /* SHBaseTableViewCell.m in Sources */ = {isa = PBXBuildFile; fileRef = BDEBC24A1ED1AB0200FA41A7 /* SHBaseTableViewCell.m */; };
		BDEBC24E1ED1AB1500FA41A7 /* SHBaseTableView.m in Sources */ = {isa = PBXBuildFile; fileRef = BDEBC24D1ED1AB1500FA41A7 /* SHBaseTableView.m */; };
		BDEBC2511ED1AB3800FA41A7 /* SHLeftDrawerCell.m in Sources */ = {isa = PBXBuildFile; fileRef = BDEBC2501ED1AB3800FA41A7 /* SHLeftDrawerCell.m */; };
		BDEBC2541ED9977800FA41A7 /* SHChangePasswordViewController.m in Sources */ = {isa = PBXBuildFile; fileRef = BDEBC2531ED9977800FA41A7 /* SHChangePasswordViewController.m */; };
		BDEBC2571ED9B7BD00FA41A7 /* SHBindGatewayViewController.m in Sources */ = {isa = PBXBuildFile; fileRef = BDEBC2561ED9B7BD00FA41A7 /* SHBindGatewayViewController.m */; };
		BDEBC25B1EDAC8EB00FA41A7 /* SHHomeViewController.m in Sources */ = {isa = PBXBuildFile; fileRef = BDEBC25A1EDAC8EB00FA41A7 /* SHHomeViewController.m */; };
		BDEBC25E1EDAC91200FA41A7 /* SHHomeMessageViewController.m in Sources */ = {isa = PBXBuildFile; fileRef = BDEBC25D1EDAC91200FA41A7 /* SHHomeMessageViewController.m */; };
		BDF32B011EC6036F00CDBAA1 /* SHBaseViewController.m in Sources */ = {isa = PBXBuildFile; fileRef = BDF32B001EC6036F00CDBAA1 /* SHBaseViewController.m */; };
		BDF32B0A1EC74D6500CDBAA1 /* SHNavigationBar.m in Sources */ = {isa = PBXBuildFile; fileRef = BDF32B091EC74D6500CDBAA1 /* SHNavigationBar.m */; };
		BDF32B181EC75B9D00CDBAA1 /* SHBaseURL.m in Sources */ = {isa = PBXBuildFile; fileRef = BDF32B171EC75B9D00CDBAA1 /* SHBaseURL.m */; };
		BDF32B1B1EC75C6800CDBAA1 /* SHNetworkManager.m in Sources */ = {isa = PBXBuildFile; fileRef = BDF32B1A1EC75C6800CDBAA1 /* SHNetworkManager.m */; };
		BDF32B211EC7711400CDBAA1 /* SHUtils.m in Sources */ = {isa = PBXBuildFile; fileRef = BDF32B201EC7711400CDBAA1 /* SHUtils.m */; };
		BDF32B281EC8726600CDBAA1 /* UIImage+Color.m in Sources */ = {isa = PBXBuildFile; fileRef = BDF32B271EC8726600CDBAA1 /* UIImage+Color.m */; };
		EC0D0F421F0F7C8D00D3A303 /* SHSecurityQuestionModel.m in Sources */ = {isa = PBXBuildFile; fileRef = EC0D0F411F0F7C8D00D3A303 /* SHSecurityQuestionModel.m */; };
		EC0D0F451F0F7CD100D3A303 /* SHSecurityQuestionManager.m in Sources */ = {isa = PBXBuildFile; fileRef = EC0D0F441F0F7CD100D3A303 /* SHSecurityQuestionManager.m */; };
		EC0D0F481F0F873A00D3A303 /* SHSecurityQuestionCell.m in Sources */ = {isa = PBXBuildFile; fileRef = EC0D0F471F0F873A00D3A303 /* SHSecurityQuestionCell.m */; };
		EC0D0F4B1F0F8C7200D3A303 /* SHSecurityRegisterViewController.m in Sources */ = {isa = PBXBuildFile; fileRef = EC0D0F4A1F0F8C7200D3A303 /* SHSecurityRegisterViewController.m */; };
/* End PBXBuildFile section */

/* Begin PBXCopyFilesBuildPhase section */
		BD2006DA1EC5FC0B00B6E733 /* Embed Frameworks */ = {
			isa = PBXCopyFilesBuildPhase;
			buildActionMask = 2147483647;
			dstPath = "";
			dstSubfolderSpec = 10;
			files = (
			);
			name = "Embed Frameworks";
			runOnlyForDeploymentPostprocessing = 0;
		};
/* End PBXCopyFilesBuildPhase section */

/* Begin PBXFileReference section */
		86B5DC480A66F1A9F2BD5501 /* Pods_SmartHome.framework */ = {isa = PBXFileReference; explicitFileType = wrapper.framework; includeInIndex = 0; path = Pods_SmartHome.framework; sourceTree = BUILT_PRODUCTS_DIR; };
		9E3A3FF952F96FF6B984F8AA /* Pods-SmartHome.release.xcconfig */ = {isa = PBXFileReference; includeInIndex = 1; lastKnownFileType = text.xcconfig; name = "Pods-SmartHome.release.xcconfig"; path = "Pods/Target Support Files/Pods-SmartHome/Pods-SmartHome.release.xcconfig"; sourceTree = "<group>"; };
		BD12012D1EDB094B00694B17 /* SHRemoteLockViewController.h */ = {isa = PBXFileReference; fileEncoding = 4; lastKnownFileType = sourcecode.c.h; path = SHRemoteLockViewController.h; sourceTree = "<group>"; };
		BD12012E1EDB094B00694B17 /* SHRemoteLockViewController.m */ = {isa = PBXFileReference; fileEncoding = 4; lastKnownFileType = sourcecode.c.objc; path = SHRemoteLockViewController.m; sourceTree = "<group>"; };
		BD1201301EDB099B00694B17 /* SHNavigationItem.h */ = {isa = PBXFileReference; fileEncoding = 4; lastKnownFileType = sourcecode.c.h; path = SHNavigationItem.h; sourceTree = "<group>"; };
		BD1201311EDB099B00694B17 /* SHNavigationItem.m */ = {isa = PBXFileReference; fileEncoding = 4; lastKnownFileType = sourcecode.c.objc; path = SHNavigationItem.m; sourceTree = "<group>"; };
		BD1201331EDB1C0300694B17 /* SHBaseView.h */ = {isa = PBXFileReference; fileEncoding = 4; lastKnownFileType = sourcecode.c.h; path = SHBaseView.h; sourceTree = "<group>"; };
		BD1201341EDB1C0300694B17 /* SHBaseView.m */ = {isa = PBXFileReference; fileEncoding = 4; lastKnownFileType = sourcecode.c.objc; path = SHBaseView.m; sourceTree = "<group>"; };
		BD1201391EDB1CB200694B17 /* SHLockKeyboardViewController.h */ = {isa = PBXFileReference; fileEncoding = 4; lastKnownFileType = sourcecode.c.h; path = SHLockKeyboardViewController.h; sourceTree = "<group>"; };
		BD12013A1EDB1CB200694B17 /* SHLockKeyboardViewController.m */ = {isa = PBXFileReference; fileEncoding = 4; lastKnownFileType = sourcecode.c.objc; path = SHLockKeyboardViewController.m; sourceTree = "<group>"; };
		BD12013F1EDB2D2800694B17 /* SHSettingsViewController.h */ = {isa = PBXFileReference; fileEncoding = 4; lastKnownFileType = sourcecode.c.h; path = SHSettingsViewController.h; sourceTree = "<group>"; };
		BD1201401EDB2D2800694B17 /* SHSettingsViewController.m */ = {isa = PBXFileReference; fileEncoding = 4; lastKnownFileType = sourcecode.c.objc; path = SHSettingsViewController.m; sourceTree = "<group>"; };
		BD1201451EDB2F9F00694B17 /* SHSettingsBaseCell.h */ = {isa = PBXFileReference; fileEncoding = 4; lastKnownFileType = sourcecode.c.h; path = SHSettingsBaseCell.h; sourceTree = "<group>"; };
		BD1201461EDB2F9F00694B17 /* SHSettingsBaseCell.m */ = {isa = PBXFileReference; fileEncoding = 4; lastKnownFileType = sourcecode.c.objc; path = SHSettingsBaseCell.m; sourceTree = "<group>"; };
		BD1201481EDB313300694B17 /* SHSettingSection.h */ = {isa = PBXFileReference; fileEncoding = 4; lastKnownFileType = sourcecode.c.h; path = SHSettingSection.h; sourceTree = "<group>"; };
		BD1201491EDB313300694B17 /* SHSettingSection.m */ = {isa = PBXFileReference; fileEncoding = 4; lastKnownFileType = sourcecode.c.objc; path = SHSettingSection.m; sourceTree = "<group>"; };
		BD12014C1EDD29B300694B17 /* SHRemoteLockManager.h */ = {isa = PBXFileReference; fileEncoding = 4; lastKnownFileType = sourcecode.c.h; path = SHRemoteLockManager.h; sourceTree = "<group>"; };
		BD12014D1EDD29B300694B17 /* SHRemoteLockManager.m */ = {isa = PBXFileReference; fileEncoding = 4; lastKnownFileType = sourcecode.c.objc; path = SHRemoteLockManager.m; sourceTree = "<group>"; };
		BD1201521EDD548900694B17 /* MXSCycleScrollView.h */ = {isa = PBXFileReference; fileEncoding = 4; lastKnownFileType = sourcecode.c.h; path = MXSCycleScrollView.h; sourceTree = "<group>"; };
		BD1201531EDD548900694B17 /* MXSCycleScrollView.m */ = {isa = PBXFileReference; fileEncoding = 4; lastKnownFileType = sourcecode.c.objc; path = MXSCycleScrollView.m; sourceTree = "<group>"; };
		BD1201541EDD548900694B17 /* RBCustomDatePickerView.h */ = {isa = PBXFileReference; fileEncoding = 4; lastKnownFileType = sourcecode.c.h; path = RBCustomDatePickerView.h; sourceTree = "<group>"; };
		BD1201551EDD548900694B17 /* RBCustomDatePickerView.m */ = {isa = PBXFileReference; fileEncoding = 4; lastKnownFileType = sourcecode.c.objc; path = RBCustomDatePickerView.m; sourceTree = "<group>"; };
		BD1201571EDD548900694B17 /* FDAlertView.h */ = {isa = PBXFileReference; fileEncoding = 4; lastKnownFileType = sourcecode.c.h; path = FDAlertView.h; sourceTree = "<group>"; };
		BD1201581EDD548900694B17 /* FDAlertView.m */ = {isa = PBXFileReference; fileEncoding = 4; lastKnownFileType = sourcecode.c.objc; path = FDAlertView.m; sourceTree = "<group>"; };
		BD12015C1EDD646200694B17 /* SHSetLockPasswordViewController.h */ = {isa = PBXFileReference; fileEncoding = 4; lastKnownFileType = sourcecode.c.h; path = SHSetLockPasswordViewController.h; sourceTree = "<group>"; };
		BD12015D1EDD646200694B17 /* SHSetLockPasswordViewController.m */ = {isa = PBXFileReference; fileEncoding = 4; lastKnownFileType = sourcecode.c.objc; path = SHSetLockPasswordViewController.m; sourceTree = "<group>"; };
		BD12015F1EDD647600694B17 /* SHSetOfflinePasswordViewController.h */ = {isa = PBXFileReference; fileEncoding = 4; lastKnownFileType = sourcecode.c.h; path = SHSetOfflinePasswordViewController.h; sourceTree = "<group>"; };
		BD1201601EDD647600694B17 /* SHSetOfflinePasswordViewController.m */ = {isa = PBXFileReference; fileEncoding = 4; lastKnownFileType = sourcecode.c.objc; path = SHSetOfflinePasswordViewController.m; sourceTree = "<group>"; };
		BD1BA1E91EF514A000369479 /* SHUserManager.h */ = {isa = PBXFileReference; fileEncoding = 4; lastKnownFileType = sourcecode.c.h; path = SHUserManager.h; sourceTree = "<group>"; };
		BD1BA1EA1EF514A000369479 /* SHUserManager.m */ = {isa = PBXFileReference; fileEncoding = 4; lastKnownFileType = sourcecode.c.objc; path = SHUserManager.m; sourceTree = "<group>"; };
		BD1BA1EE1EF514A000369479 /* SHLoginViewController.h */ = {isa = PBXFileReference; fileEncoding = 4; lastKnownFileType = sourcecode.c.h; path = SHLoginViewController.h; sourceTree = "<group>"; };
		BD1BA1EF1EF514A000369479 /* SHLoginViewController.m */ = {isa = PBXFileReference; fileEncoding = 4; lastKnownFileType = sourcecode.c.objc; path = SHLoginViewController.m; sourceTree = "<group>"; };
		BD1BA1F21EF514B600369479 /* SHRegisterViewController.h */ = {isa = PBXFileReference; fileEncoding = 4; lastKnownFileType = sourcecode.c.h; path = SHRegisterViewController.h; sourceTree = "<group>"; };
		BD1BA1F31EF514B600369479 /* SHRegisterViewController.m */ = {isa = PBXFileReference; fileEncoding = 4; lastKnownFileType = sourcecode.c.objc; path = SHRegisterViewController.m; sourceTree = "<group>"; };
		BD1BA1F51EF5203600369479 /* SHSecurityQuestionViewController.h */ = {isa = PBXFileReference; fileEncoding = 4; lastKnownFileType = sourcecode.c.h; path = SHSecurityQuestionViewController.h; sourceTree = "<group>"; };
		BD1BA1F61EF5203600369479 /* SHSecurityQuestionViewController.m */ = {isa = PBXFileReference; fileEncoding = 4; lastKnownFileType = sourcecode.c.objc; path = SHSecurityQuestionViewController.m; sourceTree = "<group>"; };
		BD1BA1FB1EF66C4500369479 /* SHTabBarManager.h */ = {isa = PBXFileReference; fileEncoding = 4; lastKnownFileType = sourcecode.c.h; path = SHTabBarManager.h; sourceTree = "<group>"; };
		BD1BA1FC1EF66C4500369479 /* SHTabBarManager.m */ = {isa = PBXFileReference; fileEncoding = 4; lastKnownFileType = sourcecode.c.objc; path = SHTabBarManager.m; sourceTree = "<group>"; };
		BD1BA2031EF6726C00369479 /* SHLockManageViewController.h */ = {isa = PBXFileReference; fileEncoding = 4; lastKnownFileType = sourcecode.c.h; path = SHLockManageViewController.h; sourceTree = "<group>"; };
		BD1BA2041EF6726C00369479 /* SHLockManageViewController.m */ = {isa = PBXFileReference; fileEncoding = 4; lastKnownFileType = sourcecode.c.objc; path = SHLockManageViewController.m; sourceTree = "<group>"; };
		BD1BA2061EF6738400369479 /* SHLockTableView.h */ = {isa = PBXFileReference; fileEncoding = 4; lastKnownFileType = sourcecode.c.h; path = SHLockTableView.h; sourceTree = "<group>"; };
		BD1BA2071EF6738400369479 /* SHLockTableView.m */ = {isa = PBXFileReference; fileEncoding = 4; lastKnownFileType = sourcecode.c.objc; path = SHLockTableView.m; sourceTree = "<group>"; };
		BD1BA2091EF673A000369479 /* SHLockModel.h */ = {isa = PBXFileReference; fileEncoding = 4; lastKnownFileType = sourcecode.c.h; path = SHLockModel.h; sourceTree = "<group>"; };
		BD1BA20A1EF673A000369479 /* SHLockModel.m */ = {isa = PBXFileReference; fileEncoding = 4; lastKnownFileType = sourcecode.c.objc; path = SHLockModel.m; sourceTree = "<group>"; };
		BD1BA20C1EF675D900369479 /* SHLockInfoCell.h */ = {isa = PBXFileReference; fileEncoding = 4; lastKnownFileType = sourcecode.c.h; path = SHLockInfoCell.h; sourceTree = "<group>"; };
		BD1BA20D1EF675D900369479 /* SHLockInfoCell.m */ = {isa = PBXFileReference; fileEncoding = 4; lastKnownFileType = sourcecode.c.objc; path = SHLockInfoCell.m; sourceTree = "<group>"; };
		BD80BD761EF67DB200A7BDD1 /* SHRefreshHeader.h */ = {isa = PBXFileReference; fileEncoding = 4; lastKnownFileType = sourcecode.c.h; path = SHRefreshHeader.h; sourceTree = "<group>"; };
		BD80BD771EF67DB200A7BDD1 /* SHRefreshHeader.m */ = {isa = PBXFileReference; fileEncoding = 4; lastKnownFileType = sourcecode.c.objc; path = SHRefreshHeader.m; sourceTree = "<group>"; };
		BD80BD791EF68AD200A7BDD1 /* SHLockDetailViewController.h */ = {isa = PBXFileReference; fileEncoding = 4; lastKnownFileType = sourcecode.c.h; path = SHLockDetailViewController.h; sourceTree = "<group>"; };
		BD80BD7A1EF68AD200A7BDD1 /* SHLockDetailViewController.m */ = {isa = PBXFileReference; fileEncoding = 4; lastKnownFileType = sourcecode.c.objc; path = SHLockDetailViewController.m; sourceTree = "<group>"; };
		BD80BD7C1EF68D1500A7BDD1 /* SHBaseNavigationViewController.h */ = {isa = PBXFileReference; fileEncoding = 4; lastKnownFileType = sourcecode.c.h; path = SHBaseNavigationViewController.h; sourceTree = "<group>"; };
		BD80BD7D1EF68D1500A7BDD1 /* SHBaseNavigationViewController.m */ = {isa = PBXFileReference; fileEncoding = 4; lastKnownFileType = sourcecode.c.objc; path = SHBaseNavigationViewController.m; sourceTree = "<group>"; };
		BD80BD7F1EF6914500A7BDD1 /* SHLockDetailHeader.h */ = {isa = PBXFileReference; fileEncoding = 4; lastKnownFileType = sourcecode.c.h; path = SHLockDetailHeader.h; sourceTree = "<group>"; };
		BD80BD801EF6914500A7BDD1 /* SHLockDetailHeader.m */ = {isa = PBXFileReference; fileEncoding = 4; lastKnownFileType = sourcecode.c.objc; path = SHLockDetailHeader.m; sourceTree = "<group>"; };
		BD80BD821EF691D700A7BDD1 /* SHLockDetailCell.h */ = {isa = PBXFileReference; fileEncoding = 4; lastKnownFileType = sourcecode.c.h; path = SHLockDetailCell.h; sourceTree = "<group>"; };
		BD80BD831EF691D700A7BDD1 /* SHLockDetailCell.m */ = {isa = PBXFileReference; fileEncoding = 4; lastKnownFileType = sourcecode.c.objc; path = SHLockDetailCell.m; sourceTree = "<group>"; };
		BD80BD851EF6ABB900A7BDD1 /* SHUnlockRecordViewController.h */ = {isa = PBXFileReference; fileEncoding = 4; lastKnownFileType = sourcecode.c.h; path = SHUnlockRecordViewController.h; sourceTree = "<group>"; };
		BD80BD861EF6ABB900A7BDD1 /* SHUnlockRecordViewController.m */ = {isa = PBXFileReference; fileEncoding = 4; lastKnownFileType = sourcecode.c.objc; path = SHUnlockRecordViewController.m; sourceTree = "<group>"; };
		BD80BD881EF6ADB300A7BDD1 /* SHUnlockRecordCell.h */ = {isa = PBXFileReference; fileEncoding = 4; lastKnownFileType = sourcecode.c.h; path = SHUnlockRecordCell.h; sourceTree = "<group>"; };
		BD80BD891EF6ADB300A7BDD1 /* SHUnlockRecordCell.m */ = {isa = PBXFileReference; fileEncoding = 4; lastKnownFileType = sourcecode.c.objc; path = SHUnlockRecordCell.m; sourceTree = "<group>"; };
		BD80BD8B1EF6B8B800A7BDD1 /* SHLockManager.h */ = {isa = PBXFileReference; fileEncoding = 4; lastKnownFileType = sourcecode.c.h; path = SHLockManager.h; sourceTree = "<group>"; };
		BD80BD8C1EF6B8B800A7BDD1 /* SHLockManager.m */ = {isa = PBXFileReference; fileEncoding = 4; lastKnownFileType = sourcecode.c.objc; path = SHLockManager.m; sourceTree = "<group>"; };
		BD80BD8E1EF6BD0900A7BDD1 /* SHBaseModel.h */ = {isa = PBXFileReference; fileEncoding = 4; lastKnownFileType = sourcecode.c.h; path = SHBaseModel.h; sourceTree = "<group>"; };
		BD80BD8F1EF6BD0900A7BDD1 /* SHBaseModel.m */ = {isa = PBXFileReference; fileEncoding = 4; lastKnownFileType = sourcecode.c.objc; path = SHBaseModel.m; sourceTree = "<group>"; };
		BD80BD911EF6C1FE00A7BDD1 /* SHAddLockViewController.h */ = {isa = PBXFileReference; fileEncoding = 4; lastKnownFileType = sourcecode.c.h; path = SHAddLockViewController.h; sourceTree = "<group>"; };
		BD80BD921EF6C1FE00A7BDD1 /* SHAddLockViewController.m */ = {isa = PBXFileReference; fileEncoding = 4; lastKnownFileType = sourcecode.c.objc; path = SHAddLockViewController.m; sourceTree = "<group>"; };
		BD80BD941EF97B1900A7BDD1 /* SHLockEmptyCell.h */ = {isa = PBXFileReference; fileEncoding = 4; lastKnownFileType = sourcecode.c.h; path = SHLockEmptyCell.h; sourceTree = "<group>"; };
		BD80BD951EF97B1900A7BDD1 /* SHLockEmptyCell.m */ = {isa = PBXFileReference; fileEncoding = 4; lastKnownFileType = sourcecode.c.objc; path = SHLockEmptyCell.m; sourceTree = "<group>"; };
		BD80BD971EFEC68000A7BDD1 /* SHNotificationSettingsViewController.h */ = {isa = PBXFileReference; fileEncoding = 4; lastKnownFileType = sourcecode.c.h; path = SHNotificationSettingsViewController.h; sourceTree = "<group>"; };
		BD80BD981EFEC68000A7BDD1 /* SHNotificationSettingsViewController.m */ = {isa = PBXFileReference; fileEncoding = 4; lastKnownFileType = sourcecode.c.objc; path = SHNotificationSettingsViewController.m; sourceTree = "<group>"; };
		BD80BD9E1F0A6B5C00A7BDD1 /* SHKeyManager.h */ = {isa = PBXFileReference; fileEncoding = 4; lastKnownFileType = sourcecode.c.h; path = SHKeyManager.h; sourceTree = "<group>"; };
		BD80BD9F1F0A6B5C00A7BDD1 /* SHKeyManager.m */ = {isa = PBXFileReference; fileEncoding = 4; lastKnownFileType = sourcecode.c.objc; path = SHKeyManager.m; sourceTree = "<group>"; };
		BD80BDA11F0A791800A7BDD1 /* SHKeyModel.h */ = {isa = PBXFileReference; fileEncoding = 4; lastKnownFileType = sourcecode.c.h; path = SHKeyModel.h; sourceTree = "<group>"; };
		BD80BDA21F0A791800A7BDD1 /* SHKeyModel.m */ = {isa = PBXFileReference; fileEncoding = 4; lastKnownFileType = sourcecode.c.objc; path = SHKeyModel.m; sourceTree = "<group>"; };
		BD80BDA41F0A7AC100A7BDD1 /* SHKeyDetailViewController.h */ = {isa = PBXFileReference; fileEncoding = 4; lastKnownFileType = sourcecode.c.h; path = SHKeyDetailViewController.h; sourceTree = "<group>"; };
		BD80BDA51F0A7AC100A7BDD1 /* SHKeyDetailViewController.m */ = {isa = PBXFileReference; fileEncoding = 4; lastKnownFileType = sourcecode.c.objc; path = SHKeyDetailViewController.m; sourceTree = "<group>"; };
		BD80BDA71F0A7D2A00A7BDD1 /* SHAddKeyViewController.h */ = {isa = PBXFileReference; fileEncoding = 4; lastKnownFileType = sourcecode.c.h; path = SHAddKeyViewController.h; sourceTree = "<group>"; };
		BD80BDA81F0A7D2A00A7BDD1 /* SHAddKeyViewController.m */ = {isa = PBXFileReference; fileEncoding = 4; lastKnownFileType = sourcecode.c.objc; path = SHAddKeyViewController.m; sourceTree = "<group>"; };
		BD876CE41EE1C2B9009CE37B /* SHWaterReaderViewController.h */ = {isa = PBXFileReference; fileEncoding = 4; lastKnownFileType = sourcecode.c.h; path = SHWaterReaderViewController.h; sourceTree = "<group>"; };
		BD876CE51EE1C2B9009CE37B /* SHWaterReaderViewController.m */ = {isa = PBXFileReference; fileEncoding = 4; lastKnownFileType = sourcecode.c.objc; path = SHWaterReaderViewController.m; sourceTree = "<group>"; };
		BD876CE81EE1C5A6009CE37B /* SHWaterReaderManager.h */ = {isa = PBXFileReference; fileEncoding = 4; lastKnownFileType = sourcecode.c.h; path = SHWaterReaderManager.h; sourceTree = "<group>"; };
		BD876CE91EE1C5A6009CE37B /* SHWaterReaderManager.m */ = {isa = PBXFileReference; fileEncoding = 4; lastKnownFileType = sourcecode.c.objc; path = SHWaterReaderManager.m; sourceTree = "<group>"; };
		BD876CEC1EE1CDF2009CE37B /* SHWaterReaderModel.h */ = {isa = PBXFileReference; fileEncoding = 4; lastKnownFileType = sourcecode.c.h; path = SHWaterReaderModel.h; sourceTree = "<group>"; };
		BD876CED1EE1CDF2009CE37B /* SHWaterReaderModel.m */ = {isa = PBXFileReference; fileEncoding = 4; lastKnownFileType = sourcecode.c.objc; path = SHWaterReaderModel.m; sourceTree = "<group>"; };
		BD97D4971ECCABC8003F0337 /* SHRootViewController.h */ = {isa = PBXFileReference; fileEncoding = 4; lastKnownFileType = sourcecode.c.h; path = SHRootViewController.h; sourceTree = "<group>"; };
		BD97D4981ECCABC8003F0337 /* SHRootViewController.m */ = {isa = PBXFileReference; fileEncoding = 4; lastKnownFileType = sourcecode.c.objc; path = SHRootViewController.m; sourceTree = "<group>"; };
		BDADA2951EEE7332008DBB0B /* SHQRCodeScannerViewController.h */ = {isa = PBXFileReference; fileEncoding = 4; lastKnownFileType = sourcecode.c.h; path = SHQRCodeScannerViewController.h; sourceTree = "<group>"; };
		BDADA2961EEE7332008DBB0B /* SHQRCodeScannerViewController.m */ = {isa = PBXFileReference; fileEncoding = 4; lastKnownFileType = sourcecode.c.objc; path = SHQRCodeScannerViewController.m; sourceTree = "<group>"; };
		BDADA29A1EEE906D008DBB0B /* SHQRCodeMaskView.h */ = {isa = PBXFileReference; fileEncoding = 4; lastKnownFileType = sourcecode.c.h; path = SHQRCodeMaskView.h; sourceTree = "<group>"; };
		BDADA29B1EEE906D008DBB0B /* SHQRCodeMaskView.m */ = {isa = PBXFileReference; fileEncoding = 4; lastKnownFileType = sourcecode.c.objc; path = SHQRCodeMaskView.m; sourceTree = "<group>"; };
		BDE559A31EC5F154006A8A6E /* SmartHome.app */ = {isa = PBXFileReference; explicitFileType = wrapper.application; includeInIndex = 0; path = SmartHome.app; sourceTree = BUILT_PRODUCTS_DIR; };
		BDE559A71EC5F154006A8A6E /* main.m */ = {isa = PBXFileReference; lastKnownFileType = sourcecode.c.objc; path = main.m; sourceTree = "<group>"; };
		BDE559A91EC5F154006A8A6E /* AppDelegate.h */ = {isa = PBXFileReference; lastKnownFileType = sourcecode.c.h; path = AppDelegate.h; sourceTree = "<group>"; };
		BDE559AA1EC5F154006A8A6E /* AppDelegate.m */ = {isa = PBXFileReference; lastKnownFileType = sourcecode.c.objc; path = AppDelegate.m; sourceTree = "<group>"; };
		BDE559B21EC5F154006A8A6E /* Assets.xcassets */ = {isa = PBXFileReference; lastKnownFileType = folder.assetcatalog; path = Assets.xcassets; sourceTree = "<group>"; };
		BDE559B51EC5F154006A8A6E /* Base */ = {isa = PBXFileReference; lastKnownFileType = file.storyboard; name = Base; path = Base.lproj/LaunchScreen.storyboard; sourceTree = "<group>"; };
		BDE559B71EC5F154006A8A6E /* Info.plist */ = {isa = PBXFileReference; lastKnownFileType = text.plist.xml; path = Info.plist; sourceTree = "<group>"; };
		BDEBC2461ED1AAD400FA41A7 /* SHLeftDrawerViewController.h */ = {isa = PBXFileReference; fileEncoding = 4; lastKnownFileType = sourcecode.c.h; path = SHLeftDrawerViewController.h; sourceTree = "<group>"; };
		BDEBC2471ED1AAD400FA41A7 /* SHLeftDrawerViewController.m */ = {isa = PBXFileReference; fileEncoding = 4; lastKnownFileType = sourcecode.c.objc; path = SHLeftDrawerViewController.m; sourceTree = "<group>"; };
		BDEBC2491ED1AB0200FA41A7 /* SHBaseTableViewCell.h */ = {isa = PBXFileReference; fileEncoding = 4; lastKnownFileType = sourcecode.c.h; path = SHBaseTableViewCell.h; sourceTree = "<group>"; };
		BDEBC24A1ED1AB0200FA41A7 /* SHBaseTableViewCell.m */ = {isa = PBXFileReference; fileEncoding = 4; lastKnownFileType = sourcecode.c.objc; path = SHBaseTableViewCell.m; sourceTree = "<group>"; };
		BDEBC24C1ED1AB1500FA41A7 /* SHBaseTableView.h */ = {isa = PBXFileReference; fileEncoding = 4; lastKnownFileType = sourcecode.c.h; path = SHBaseTableView.h; sourceTree = "<group>"; };
		BDEBC24D1ED1AB1500FA41A7 /* SHBaseTableView.m */ = {isa = PBXFileReference; fileEncoding = 4; lastKnownFileType = sourcecode.c.objc; path = SHBaseTableView.m; sourceTree = "<group>"; };
		BDEBC24F1ED1AB3800FA41A7 /* SHLeftDrawerCell.h */ = {isa = PBXFileReference; fileEncoding = 4; lastKnownFileType = sourcecode.c.h; path = SHLeftDrawerCell.h; sourceTree = "<group>"; };
		BDEBC2501ED1AB3800FA41A7 /* SHLeftDrawerCell.m */ = {isa = PBXFileReference; fileEncoding = 4; lastKnownFileType = sourcecode.c.objc; path = SHLeftDrawerCell.m; sourceTree = "<group>"; };
		BDEBC2521ED9977800FA41A7 /* SHChangePasswordViewController.h */ = {isa = PBXFileReference; fileEncoding = 4; lastKnownFileType = sourcecode.c.h; path = SHChangePasswordViewController.h; sourceTree = "<group>"; };
		BDEBC2531ED9977800FA41A7 /* SHChangePasswordViewController.m */ = {isa = PBXFileReference; fileEncoding = 4; lastKnownFileType = sourcecode.c.objc; path = SHChangePasswordViewController.m; sourceTree = "<group>"; };
		BDEBC2551ED9B7BD00FA41A7 /* SHBindGatewayViewController.h */ = {isa = PBXFileReference; fileEncoding = 4; lastKnownFileType = sourcecode.c.h; path = SHBindGatewayViewController.h; sourceTree = "<group>"; };
		BDEBC2561ED9B7BD00FA41A7 /* SHBindGatewayViewController.m */ = {isa = PBXFileReference; fileEncoding = 4; lastKnownFileType = sourcecode.c.objc; path = SHBindGatewayViewController.m; sourceTree = "<group>"; };
		BDEBC2591EDAC8EB00FA41A7 /* SHHomeViewController.h */ = {isa = PBXFileReference; fileEncoding = 4; lastKnownFileType = sourcecode.c.h; path = SHHomeViewController.h; sourceTree = "<group>"; };
		BDEBC25A1EDAC8EB00FA41A7 /* SHHomeViewController.m */ = {isa = PBXFileReference; fileEncoding = 4; lastKnownFileType = sourcecode.c.objc; path = SHHomeViewController.m; sourceTree = "<group>"; };
		BDEBC25C1EDAC91200FA41A7 /* SHHomeMessageViewController.h */ = {isa = PBXFileReference; fileEncoding = 4; lastKnownFileType = sourcecode.c.h; path = SHHomeMessageViewController.h; sourceTree = "<group>"; };
		BDEBC25D1EDAC91200FA41A7 /* SHHomeMessageViewController.m */ = {isa = PBXFileReference; fileEncoding = 4; lastKnownFileType = sourcecode.c.objc; path = SHHomeMessageViewController.m; sourceTree = "<group>"; };
		BDF32AFF1EC6036F00CDBAA1 /* SHBaseViewController.h */ = {isa = PBXFileReference; fileEncoding = 4; lastKnownFileType = sourcecode.c.h; path = SHBaseViewController.h; sourceTree = "<group>"; };
		BDF32B001EC6036F00CDBAA1 /* SHBaseViewController.m */ = {isa = PBXFileReference; fileEncoding = 4; lastKnownFileType = sourcecode.c.objc; path = SHBaseViewController.m; sourceTree = "<group>"; };
		BDF32B061EC607CA00CDBAA1 /* SHMacro.h */ = {isa = PBXFileReference; lastKnownFileType = sourcecode.c.h; path = SHMacro.h; sourceTree = "<group>"; };
		BDF32B071EC609B500CDBAA1 /* PrefixHeader.pch */ = {isa = PBXFileReference; lastKnownFileType = sourcecode.c.h; path = PrefixHeader.pch; sourceTree = "<group>"; };
		BDF32B081EC74D6500CDBAA1 /* SHNavigationBar.h */ = {isa = PBXFileReference; fileEncoding = 4; lastKnownFileType = sourcecode.c.h; path = SHNavigationBar.h; sourceTree = "<group>"; };
		BDF32B091EC74D6500CDBAA1 /* SHNavigationBar.m */ = {isa = PBXFileReference; fileEncoding = 4; lastKnownFileType = sourcecode.c.objc; path = SHNavigationBar.m; sourceTree = "<group>"; };
		BDF32B161EC75B9D00CDBAA1 /* SHBaseURL.h */ = {isa = PBXFileReference; fileEncoding = 4; lastKnownFileType = sourcecode.c.h; path = SHBaseURL.h; sourceTree = "<group>"; };
		BDF32B171EC75B9D00CDBAA1 /* SHBaseURL.m */ = {isa = PBXFileReference; fileEncoding = 4; lastKnownFileType = sourcecode.c.objc; path = SHBaseURL.m; sourceTree = "<group>"; };
		BDF32B191EC75C6800CDBAA1 /* SHNetworkManager.h */ = {isa = PBXFileReference; fileEncoding = 4; lastKnownFileType = sourcecode.c.h; path = SHNetworkManager.h; sourceTree = "<group>"; };
		BDF32B1A1EC75C6800CDBAA1 /* SHNetworkManager.m */ = {isa = PBXFileReference; fileEncoding = 4; lastKnownFileType = sourcecode.c.objc; path = SHNetworkManager.m; sourceTree = "<group>"; };
		BDF32B1F1EC7711400CDBAA1 /* SHUtils.h */ = {isa = PBXFileReference; fileEncoding = 4; lastKnownFileType = sourcecode.c.h; path = SHUtils.h; sourceTree = "<group>"; };
		BDF32B201EC7711400CDBAA1 /* SHUtils.m */ = {isa = PBXFileReference; fileEncoding = 4; lastKnownFileType = sourcecode.c.objc; path = SHUtils.m; sourceTree = "<group>"; };
		BDF32B261EC8726600CDBAA1 /* UIImage+Color.h */ = {isa = PBXFileReference; fileEncoding = 4; lastKnownFileType = sourcecode.c.h; path = "UIImage+Color.h"; sourceTree = "<group>"; };
		BDF32B271EC8726600CDBAA1 /* UIImage+Color.m */ = {isa = PBXFileReference; fileEncoding = 4; lastKnownFileType = sourcecode.c.objc; path = "UIImage+Color.m"; sourceTree = "<group>"; };
		BE365101791D3B7B4619F1FB /* Pods-SmartHome.debug.xcconfig */ = {isa = PBXFileReference; includeInIndex = 1; lastKnownFileType = text.xcconfig; name = "Pods-SmartHome.debug.xcconfig"; path = "Pods/Target Support Files/Pods-SmartHome/Pods-SmartHome.debug.xcconfig"; sourceTree = "<group>"; };
		EC0D0F401F0F7C8D00D3A303 /* SHSecurityQuestionModel.h */ = {isa = PBXFileReference; fileEncoding = 4; lastKnownFileType = sourcecode.c.h; path = SHSecurityQuestionModel.h; sourceTree = "<group>"; };
		EC0D0F411F0F7C8D00D3A303 /* SHSecurityQuestionModel.m */ = {isa = PBXFileReference; fileEncoding = 4; lastKnownFileType = sourcecode.c.objc; path = SHSecurityQuestionModel.m; sourceTree = "<group>"; };
		EC0D0F431F0F7CD100D3A303 /* SHSecurityQuestionManager.h */ = {isa = PBXFileReference; fileEncoding = 4; lastKnownFileType = sourcecode.c.h; path = SHSecurityQuestionManager.h; sourceTree = "<group>"; };
		EC0D0F441F0F7CD100D3A303 /* SHSecurityQuestionManager.m */ = {isa = PBXFileReference; fileEncoding = 4; lastKnownFileType = sourcecode.c.objc; path = SHSecurityQuestionManager.m; sourceTree = "<group>"; };
		EC0D0F461F0F873A00D3A303 /* SHSecurityQuestionCell.h */ = {isa = PBXFileReference; fileEncoding = 4; lastKnownFileType = sourcecode.c.h; path = SHSecurityQuestionCell.h; sourceTree = "<group>"; };
		EC0D0F471F0F873A00D3A303 /* SHSecurityQuestionCell.m */ = {isa = PBXFileReference; fileEncoding = 4; lastKnownFileType = sourcecode.c.objc; path = SHSecurityQuestionCell.m; sourceTree = "<group>"; };
		EC0D0F491F0F8C7200D3A303 /* SHSecurityRegisterViewController.h */ = {isa = PBXFileReference; fileEncoding = 4; lastKnownFileType = sourcecode.c.h; path = SHSecurityRegisterViewController.h; sourceTree = "<group>"; };
		EC0D0F4A1F0F8C7200D3A303 /* SHSecurityRegisterViewController.m */ = {isa = PBXFileReference; fileEncoding = 4; lastKnownFileType = sourcecode.c.objc; path = SHSecurityRegisterViewController.m; sourceTree = "<group>"; };
/* End PBXFileReference section */

/* Begin PBXFrameworksBuildPhase section */
		BDE559A01EC5F154006A8A6E /* Frameworks */ = {
			isa = PBXFrameworksBuildPhase;
			buildActionMask = 2147483647;
			files = (
				8EAE134948C3C34098439CCD /* Pods_SmartHome.framework in Frameworks */,
			);
			runOnlyForDeploymentPostprocessing = 0;
		};
/* End PBXFrameworksBuildPhase section */

/* Begin PBXGroup section */
		15CCB1080FA78DD671E354F3 /* Pods */ = {
			isa = PBXGroup;
			children = (
				BE365101791D3B7B4619F1FB /* Pods-SmartHome.debug.xcconfig */,
				9E3A3FF952F96FF6B984F8AA /* Pods-SmartHome.release.xcconfig */,
			);
			name = Pods;
			sourceTree = "<group>";
		};
		8C7DC2D5EDF17D6052B49D40 /* Frameworks */ = {
			isa = PBXGroup;
			children = (
				86B5DC480A66F1A9F2BD5501 /* Pods_SmartHome.framework */,
			);
			name = Frameworks;
			sourceTree = "<group>";
		};
		BD1201291EDB093000694B17 /* RemoteLock */ = {
			isa = PBXGroup;
			children = (
				BD12014B1EDD299600694B17 /* Manager */,
				BD12012A1EDB093000694B17 /* Model */,
				BD12012B1EDB093000694B17 /* View */,
				BD12012C1EDB093000694B17 /* ViewController */,
			);
			path = RemoteLock;
			sourceTree = "<group>";
		};
		BD12012A1EDB093000694B17 /* Model */ = {
			isa = PBXGroup;
			children = (
			);
			path = Model;
			sourceTree = "<group>";
		};
		BD12012B1EDB093000694B17 /* View */ = {
			isa = PBXGroup;
			children = (
				BD1201451EDB2F9F00694B17 /* SHSettingsBaseCell.h */,
				BD1201461EDB2F9F00694B17 /* SHSettingsBaseCell.m */,
				BD1201481EDB313300694B17 /* SHSettingSection.h */,
				BD1201491EDB313300694B17 /* SHSettingSection.m */,
			);
			path = View;
			sourceTree = "<group>";
		};
		BD12012C1EDB093000694B17 /* ViewController */ = {
			isa = PBXGroup;
			children = (
				BD12012D1EDB094B00694B17 /* SHRemoteLockViewController.h */,
				BD12012E1EDB094B00694B17 /* SHRemoteLockViewController.m */,
				BD1201391EDB1CB200694B17 /* SHLockKeyboardViewController.h */,
				BD12013A1EDB1CB200694B17 /* SHLockKeyboardViewController.m */,
				BD12013F1EDB2D2800694B17 /* SHSettingsViewController.h */,
				BD1201401EDB2D2800694B17 /* SHSettingsViewController.m */,
				BD12015C1EDD646200694B17 /* SHSetLockPasswordViewController.h */,
				BD12015D1EDD646200694B17 /* SHSetLockPasswordViewController.m */,
				BD12015F1EDD647600694B17 /* SHSetOfflinePasswordViewController.h */,
				BD1201601EDD647600694B17 /* SHSetOfflinePasswordViewController.m */,
			);
			path = ViewController;
			sourceTree = "<group>";
		};
		BD12014B1EDD299600694B17 /* Manager */ = {
			isa = PBXGroup;
			children = (
				BD12014C1EDD29B300694B17 /* SHRemoteLockManager.h */,
				BD12014D1EDD29B300694B17 /* SHRemoteLockManager.m */,
			);
			path = Manager;
			sourceTree = "<group>";
		};
		BD12014F1EDD548900694B17 /* ThirdParty */ = {
			isa = PBXGroup;
			children = (
				BD1201501EDD548900694B17 /* JGDateTime */,
			);
			path = ThirdParty;
			sourceTree = "<group>";
		};
		BD1201501EDD548900694B17 /* JGDateTime */ = {
			isa = PBXGroup;
			children = (
				BD1201511EDD548900694B17 /* CycleScollview */,
				BD1201561EDD548900694B17 /* FDAlertView */,
			);
			path = JGDateTime;
			sourceTree = "<group>";
		};
		BD1201511EDD548900694B17 /* CycleScollview */ = {
			isa = PBXGroup;
			children = (
				BD1201521EDD548900694B17 /* MXSCycleScrollView.h */,
				BD1201531EDD548900694B17 /* MXSCycleScrollView.m */,
				BD1201541EDD548900694B17 /* RBCustomDatePickerView.h */,
				BD1201551EDD548900694B17 /* RBCustomDatePickerView.m */,
			);
			path = CycleScollview;
			sourceTree = "<group>";
		};
		BD1201561EDD548900694B17 /* FDAlertView */ = {
			isa = PBXGroup;
			children = (
				BD1201571EDD548900694B17 /* FDAlertView.h */,
				BD1201581EDD548900694B17 /* FDAlertView.m */,
			);
			path = FDAlertView;
			sourceTree = "<group>";
		};
		BD1BA1E81EF514A000369479 /* Manager */ = {
			isa = PBXGroup;
			children = (
				BD1BA1E91EF514A000369479 /* SHUserManager.h */,
				BD1BA1EA1EF514A000369479 /* SHUserManager.m */,
				EC0D0F431F0F7CD100D3A303 /* SHSecurityQuestionManager.h */,
				EC0D0F441F0F7CD100D3A303 /* SHSecurityQuestionManager.m */,
			);
			path = Manager;
			sourceTree = "<group>";
		};
		BD1BA1EB1EF514A000369479 /* Model */ = {
			isa = PBXGroup;
			children = (
				EC0D0F401F0F7C8D00D3A303 /* SHSecurityQuestionModel.h */,
				EC0D0F411F0F7C8D00D3A303 /* SHSecurityQuestionModel.m */,
			);
			path = Model;
			sourceTree = "<group>";
		};
		BD1BA1EC1EF514A000369479 /* View */ = {
			isa = PBXGroup;
			children = (
				EC0D0F461F0F873A00D3A303 /* SHSecurityQuestionCell.h */,
				EC0D0F471F0F873A00D3A303 /* SHSecurityQuestionCell.m */,
			);
			path = View;
			sourceTree = "<group>";
		};
		BD1BA1ED1EF514A000369479 /* ViewController */ = {
			isa = PBXGroup;
			children = (
				BD1BA1EE1EF514A000369479 /* SHLoginViewController.h */,
				BD1BA1EF1EF514A000369479 /* SHLoginViewController.m */,
				BD1BA1F21EF514B600369479 /* SHRegisterViewController.h */,
				BD1BA1F31EF514B600369479 /* SHRegisterViewController.m */,
				BD1BA1F51EF5203600369479 /* SHSecurityQuestionViewController.h */,
				BD1BA1F61EF5203600369479 /* SHSecurityQuestionViewController.m */,
				EC0D0F491F0F8C7200D3A303 /* SHSecurityRegisterViewController.h */,
				EC0D0F4A1F0F8C7200D3A303 /* SHSecurityRegisterViewController.m */,
			);
			path = ViewController;
			sourceTree = "<group>";
		};
		BD1BA1FE1EF6725200369479 /* LockManage */ = {
			isa = PBXGroup;
			children = (
				BD1BA1FF1EF6725200369479 /* Manager */,
				BD1BA2001EF6725200369479 /* Model */,
				BD1BA2011EF6725200369479 /* View */,
				BD1BA2021EF6725200369479 /* ViewController */,
			);
			path = LockManage;
			sourceTree = "<group>";
		};
		BD1BA1FF1EF6725200369479 /* Manager */ = {
			isa = PBXGroup;
			children = (
				BD80BD8B1EF6B8B800A7BDD1 /* SHLockManager.h */,
				BD80BD8C1EF6B8B800A7BDD1 /* SHLockManager.m */,
			);
			path = Manager;
			sourceTree = "<group>";
		};
		BD1BA2001EF6725200369479 /* Model */ = {
			isa = PBXGroup;
			children = (
				BD1BA2091EF673A000369479 /* SHLockModel.h */,
				BD1BA20A1EF673A000369479 /* SHLockModel.m */,
			);
			path = Model;
			sourceTree = "<group>";
		};
		BD1BA2011EF6725200369479 /* View */ = {
			isa = PBXGroup;
			children = (
				BD1BA2061EF6738400369479 /* SHLockTableView.h */,
				BD1BA2071EF6738400369479 /* SHLockTableView.m */,
				BD1BA20C1EF675D900369479 /* SHLockInfoCell.h */,
				BD1BA20D1EF675D900369479 /* SHLockInfoCell.m */,
				BD80BD7F1EF6914500A7BDD1 /* SHLockDetailHeader.h */,
				BD80BD801EF6914500A7BDD1 /* SHLockDetailHeader.m */,
				BD80BD821EF691D700A7BDD1 /* SHLockDetailCell.h */,
				BD80BD831EF691D700A7BDD1 /* SHLockDetailCell.m */,
				BD80BD881EF6ADB300A7BDD1 /* SHUnlockRecordCell.h */,
				BD80BD891EF6ADB300A7BDD1 /* SHUnlockRecordCell.m */,
				BD80BD941EF97B1900A7BDD1 /* SHLockEmptyCell.h */,
				BD80BD951EF97B1900A7BDD1 /* SHLockEmptyCell.m */,
			);
			path = View;
			sourceTree = "<group>";
		};
		BD1BA2021EF6725200369479 /* ViewController */ = {
			isa = PBXGroup;
			children = (
				BD1BA2031EF6726C00369479 /* SHLockManageViewController.h */,
				BD1BA2041EF6726C00369479 /* SHLockManageViewController.m */,
				BD80BD791EF68AD200A7BDD1 /* SHLockDetailViewController.h */,
				BD80BD7A1EF68AD200A7BDD1 /* SHLockDetailViewController.m */,
				BD80BD851EF6ABB900A7BDD1 /* SHUnlockRecordViewController.h */,
				BD80BD861EF6ABB900A7BDD1 /* SHUnlockRecordViewController.m */,
				BD80BD911EF6C1FE00A7BDD1 /* SHAddLockViewController.h */,
				BD80BD921EF6C1FE00A7BDD1 /* SHAddLockViewController.m */,
			);
			path = ViewController;
			sourceTree = "<group>";
		};
		BD80BD9A1F0A6B4700A7BDD1 /* KeyManage */ = {
			isa = PBXGroup;
			children = (
				BD80BD9B1F0A6B4700A7BDD1 /* Manager */,
				BD80BD9C1F0A6B4700A7BDD1 /* Model */,
				BD80BD9D1F0A6B4700A7BDD1 /* ViewController */,
			);
			path = KeyManage;
			sourceTree = "<group>";
		};
		BD80BD9B1F0A6B4700A7BDD1 /* Manager */ = {
			isa = PBXGroup;
			children = (
				BD80BD9E1F0A6B5C00A7BDD1 /* SHKeyManager.h */,
				BD80BD9F1F0A6B5C00A7BDD1 /* SHKeyManager.m */,
			);
			path = Manager;
			sourceTree = "<group>";
		};
		BD80BD9C1F0A6B4700A7BDD1 /* Model */ = {
			isa = PBXGroup;
			children = (
				BD80BDA11F0A791800A7BDD1 /* SHKeyModel.h */,
				BD80BDA21F0A791800A7BDD1 /* SHKeyModel.m */,
			);
			path = Model;
			sourceTree = "<group>";
		};
		BD80BD9D1F0A6B4700A7BDD1 /* ViewController */ = {
			isa = PBXGroup;
			children = (
				BD80BDA41F0A7AC100A7BDD1 /* SHKeyDetailViewController.h */,
				BD80BDA51F0A7AC100A7BDD1 /* SHKeyDetailViewController.m */,
				BD80BDA71F0A7D2A00A7BDD1 /* SHAddKeyViewController.h */,
				BD80BDA81F0A7D2A00A7BDD1 /* SHAddKeyViewController.m */,
			);
			path = ViewController;
			sourceTree = "<group>";
		};
		BD876CE21EE1C2A9009CE37B /* WaterReader */ = {
			isa = PBXGroup;
			children = (
				BD876CEB1EE1CCBE009CE37B /* Model */,
				BD876CE71EE1C593009CE37B /* Manager */,
				BD876CE31EE1C2A9009CE37B /* ViewController */,
			);
			path = WaterReader;
			sourceTree = "<group>";
		};
		BD876CE31EE1C2A9009CE37B /* ViewController */ = {
			isa = PBXGroup;
			children = (
				BD876CE41EE1C2B9009CE37B /* SHWaterReaderViewController.h */,
				BD876CE51EE1C2B9009CE37B /* SHWaterReaderViewController.m */,
			);
			path = ViewController;
			sourceTree = "<group>";
		};
		BD876CE71EE1C593009CE37B /* Manager */ = {
			isa = PBXGroup;
			children = (
				BD876CE81EE1C5A6009CE37B /* SHWaterReaderManager.h */,
				BD876CE91EE1C5A6009CE37B /* SHWaterReaderManager.m */,
			);
			path = Manager;
			sourceTree = "<group>";
		};
		BD876CEB1EE1CCBE009CE37B /* Model */ = {
			isa = PBXGroup;
			children = (
				BD876CEC1EE1CDF2009CE37B /* SHWaterReaderModel.h */,
				BD876CED1EE1CDF2009CE37B /* SHWaterReaderModel.m */,
			);
			path = Model;
			sourceTree = "<group>";
		};
		BD97D4961ECCABAD003F0337 /* Root */ = {
			isa = PBXGroup;
			children = (
				BD97D4971ECCABC8003F0337 /* SHRootViewController.h */,
				BD97D4981ECCABC8003F0337 /* SHRootViewController.m */,
				BD1BA1FB1EF66C4500369479 /* SHTabBarManager.h */,
				BD1BA1FC1EF66C4500369479 /* SHTabBarManager.m */,
			);
			path = Root;
			sourceTree = "<group>";
		};
		BD97D49A1ECCACBA003F0337 /* LeftDrawer */ = {
			isa = PBXGroup;
			children = (
				BDEBC2441ED1AAD400FA41A7 /* View */,
				BDEBC2451ED1AAD400FA41A7 /* ViewController */,
			);
			path = LeftDrawer;
			sourceTree = "<group>";
		};
		BDADA2931EEE72AB008DBB0B /* QRCodeSCanner */ = {
			isa = PBXGroup;
			children = (
				BDADA2981EEE9050008DBB0B /* Manager */,
				BDADA2991EEE9050008DBB0B /* View */,
				BDADA2941EEE72AB008DBB0B /* ViewController */,
			);
			path = QRCodeSCanner;
			sourceTree = "<group>";
		};
		BDADA2941EEE72AB008DBB0B /* ViewController */ = {
			isa = PBXGroup;
			children = (
				BDADA2951EEE7332008DBB0B /* SHQRCodeScannerViewController.h */,
				BDADA2961EEE7332008DBB0B /* SHQRCodeScannerViewController.m */,
			);
			path = ViewController;
			sourceTree = "<group>";
		};
		BDADA2981EEE9050008DBB0B /* Manager */ = {
			isa = PBXGroup;
			children = (
			);
			path = Manager;
			sourceTree = "<group>";
		};
		BDADA2991EEE9050008DBB0B /* View */ = {
			isa = PBXGroup;
			children = (
				BDADA29A1EEE906D008DBB0B /* SHQRCodeMaskView.h */,
				BDADA29B1EEE906D008DBB0B /* SHQRCodeMaskView.m */,
			);
			path = View;
			sourceTree = "<group>";
		};
		BDE5599A1EC5F154006A8A6E = {
			isa = PBXGroup;
			children = (
				BDE559A51EC5F154006A8A6E /* SmartHome */,
				BDE559A41EC5F154006A8A6E /* Products */,
				15CCB1080FA78DD671E354F3 /* Pods */,
				8C7DC2D5EDF17D6052B49D40 /* Frameworks */,
			);
			sourceTree = "<group>";
		};
		BDE559A41EC5F154006A8A6E /* Products */ = {
			isa = PBXGroup;
			children = (
				BDE559A31EC5F154006A8A6E /* SmartHome.app */,
			);
			name = Products;
			sourceTree = "<group>";
		};
		BDE559A51EC5F154006A8A6E /* SmartHome */ = {
			isa = PBXGroup;
			children = (
				BD80BD9A1F0A6B4700A7BDD1 /* KeyManage */,
				BD1BA1FE1EF6725200369479 /* LockManage */,
				BDADA2931EEE72AB008DBB0B /* QRCodeSCanner */,
				BD876CE21EE1C2A9009CE37B /* WaterReader */,
				BD12014F1EDD548900694B17 /* ThirdParty */,
				BD1201291EDB093000694B17 /* RemoteLock */,
				BD97D49A1ECCACBA003F0337 /* LeftDrawer */,
				BD97D4961ECCABAD003F0337 /* Root */,
				BDF32B221EC8720700CDBAA1 /* Category */,
				BDF32B151EC75B8D00CDBAA1 /* Network */,
				BDF32B0B1EC7577000CDBAA1 /* Login */,
				BDF32B051EC6074E00CDBAA1 /* Common */,
				BDF32AFE1EC6034300CDBAA1 /* Base */,
				BDE559BF1EC5F2F7006A8A6E /* Home */,
				BDE559A91EC5F154006A8A6E /* AppDelegate.h */,
				BDE559AA1EC5F154006A8A6E /* AppDelegate.m */,
				BDE559B21EC5F154006A8A6E /* Assets.xcassets */,
				BDE559B41EC5F154006A8A6E /* LaunchScreen.storyboard */,
				BDE559B71EC5F154006A8A6E /* Info.plist */,
				BDE559A61EC5F154006A8A6E /* Supporting Files */,
			);
			path = SmartHome;
			sourceTree = "<group>";
		};
		BDE559A61EC5F154006A8A6E /* Supporting Files */ = {
			isa = PBXGroup;
			children = (
				BDE559A71EC5F154006A8A6E /* main.m */,
				BDF32B071EC609B500CDBAA1 /* PrefixHeader.pch */,
			);
			name = "Supporting Files";
			sourceTree = "<group>";
		};
		BDE559BF1EC5F2F7006A8A6E /* Home */ = {
			isa = PBXGroup;
			children = (
				BDEBC2581EDAC8EB00FA41A7 /* ViewController */,
			);
			path = Home;
			sourceTree = "<group>";
		};
		BDEBC2441ED1AAD400FA41A7 /* View */ = {
			isa = PBXGroup;
			children = (
				BDEBC24F1ED1AB3800FA41A7 /* SHLeftDrawerCell.h */,
				BDEBC2501ED1AB3800FA41A7 /* SHLeftDrawerCell.m */,
			);
			path = View;
			sourceTree = "<group>";
		};
		BDEBC2451ED1AAD400FA41A7 /* ViewController */ = {
			isa = PBXGroup;
			children = (
				BDEBC2461ED1AAD400FA41A7 /* SHLeftDrawerViewController.h */,
				BDEBC2471ED1AAD400FA41A7 /* SHLeftDrawerViewController.m */,
				BDEBC2521ED9977800FA41A7 /* SHChangePasswordViewController.h */,
				BDEBC2531ED9977800FA41A7 /* SHChangePasswordViewController.m */,
				BDEBC2551ED9B7BD00FA41A7 /* SHBindGatewayViewController.h */,
				BDEBC2561ED9B7BD00FA41A7 /* SHBindGatewayViewController.m */,
				BD80BD971EFEC68000A7BDD1 /* SHNotificationSettingsViewController.h */,
				BD80BD981EFEC68000A7BDD1 /* SHNotificationSettingsViewController.m */,
			);
			path = ViewController;
			sourceTree = "<group>";
		};
		BDEBC2581EDAC8EB00FA41A7 /* ViewController */ = {
			isa = PBXGroup;
			children = (
				BDEBC2591EDAC8EB00FA41A7 /* SHHomeViewController.h */,
				BDEBC25A1EDAC8EB00FA41A7 /* SHHomeViewController.m */,
				BDEBC25C1EDAC91200FA41A7 /* SHHomeMessageViewController.h */,
				BDEBC25D1EDAC91200FA41A7 /* SHHomeMessageViewController.m */,
			);
			path = ViewController;
			sourceTree = "<group>";
		};
		BDF32AFE1EC6034300CDBAA1 /* Base */ = {
			isa = PBXGroup;
			children = (
				BDF32AFF1EC6036F00CDBAA1 /* SHBaseViewController.h */,
				BDF32B001EC6036F00CDBAA1 /* SHBaseViewController.m */,
				BDF32B081EC74D6500CDBAA1 /* SHNavigationBar.h */,
				BDF32B091EC74D6500CDBAA1 /* SHNavigationBar.m */,
				BDEBC2491ED1AB0200FA41A7 /* SHBaseTableViewCell.h */,
				BDEBC24A1ED1AB0200FA41A7 /* SHBaseTableViewCell.m */,
				BDEBC24C1ED1AB1500FA41A7 /* SHBaseTableView.h */,
				BDEBC24D1ED1AB1500FA41A7 /* SHBaseTableView.m */,
				BD1201301EDB099B00694B17 /* SHNavigationItem.h */,
				BD1201311EDB099B00694B17 /* SHNavigationItem.m */,
				BD1201331EDB1C0300694B17 /* SHBaseView.h */,
				BD1201341EDB1C0300694B17 /* SHBaseView.m */,
				BD80BD7C1EF68D1500A7BDD1 /* SHBaseNavigationViewController.h */,
				BD80BD7D1EF68D1500A7BDD1 /* SHBaseNavigationViewController.m */,
				BD80BD8E1EF6BD0900A7BDD1 /* SHBaseModel.h */,
				BD80BD8F1EF6BD0900A7BDD1 /* SHBaseModel.m */,
			);
			path = Base;
			sourceTree = "<group>";
		};
		BDF32B051EC6074E00CDBAA1 /* Common */ = {
			isa = PBXGroup;
			children = (
				BDF32B061EC607CA00CDBAA1 /* SHMacro.h */,
				BDF32B1F1EC7711400CDBAA1 /* SHUtils.h */,
				BDF32B201EC7711400CDBAA1 /* SHUtils.m */,
				BD80BD761EF67DB200A7BDD1 /* SHRefreshHeader.h */,
				BD80BD771EF67DB200A7BDD1 /* SHRefreshHeader.m */,
			);
			path = Common;
			sourceTree = "<group>";
		};
		BDF32B0B1EC7577000CDBAA1 /* Login */ = {
			isa = PBXGroup;
			children = (
				BD1BA1E81EF514A000369479 /* Manager */,
				BD1BA1EB1EF514A000369479 /* Model */,
				BD1BA1EC1EF514A000369479 /* View */,
				BD1BA1ED1EF514A000369479 /* ViewController */,
			);
			path = Login;
			sourceTree = "<group>";
		};
		BDF32B151EC75B8D00CDBAA1 /* Network */ = {
			isa = PBXGroup;
			children = (
				BDF32B161EC75B9D00CDBAA1 /* SHBaseURL.h */,
				BDF32B171EC75B9D00CDBAA1 /* SHBaseURL.m */,
				BDF32B191EC75C6800CDBAA1 /* SHNetworkManager.h */,
				BDF32B1A1EC75C6800CDBAA1 /* SHNetworkManager.m */,
			);
			path = Network;
			sourceTree = "<group>";
		};
		BDF32B221EC8720700CDBAA1 /* Category */ = {
			isa = PBXGroup;
			children = (
				BDF32B261EC8726600CDBAA1 /* UIImage+Color.h */,
				BDF32B271EC8726600CDBAA1 /* UIImage+Color.m */,
			);
			path = Category;
			sourceTree = "<group>";
		};
/* End PBXGroup section */

/* Begin PBXNativeTarget section */
		BDE559A21EC5F154006A8A6E /* SmartHome */ = {
			isa = PBXNativeTarget;
			buildConfigurationList = BDE559BA1EC5F154006A8A6E /* Build configuration list for PBXNativeTarget "SmartHome" */;
			buildPhases = (
				F2DD73D2440D5D5E8B8D2A31 /* [CP] Check Pods Manifest.lock */,
				BDE5599F1EC5F154006A8A6E /* Sources */,
				BDE559A01EC5F154006A8A6E /* Frameworks */,
				BDE559A11EC5F154006A8A6E /* Resources */,
				BD2006DA1EC5FC0B00B6E733 /* Embed Frameworks */,
				52C7A8C73656E4DEFDFAB05C /* [CP] Embed Pods Frameworks */,
				9BDF66442193B29A774DD40E /* [CP] Copy Pods Resources */,
			);
			buildRules = (
			);
			dependencies = (
			);
			name = SmartHome;
			productName = SmartHome;
			productReference = BDE559A31EC5F154006A8A6E /* SmartHome.app */;
			productType = "com.apple.product-type.application";
		};
/* End PBXNativeTarget section */

/* Begin PBXProject section */
		BDE5599B1EC5F154006A8A6E /* Project object */ = {
			isa = PBXProject;
			attributes = {
				LastUpgradeCheck = 0830;
				ORGANIZATIONNAME = "Xu Li";
				TargetAttributes = {
					BDE559A21EC5F154006A8A6E = {
						CreatedOnToolsVersion = 8.3.2;
						DevelopmentTeam = W8U3NWR72S;
						ProvisioningStyle = Manual;
					};
				};
			};
			buildConfigurationList = BDE5599E1EC5F154006A8A6E /* Build configuration list for PBXProject "SmartHome" */;
			compatibilityVersion = "Xcode 3.2";
			developmentRegion = English;
			hasScannedForEncodings = 0;
			knownRegions = (
				en,
				Base,
			);
			mainGroup = BDE5599A1EC5F154006A8A6E;
			productRefGroup = BDE559A41EC5F154006A8A6E /* Products */;
			projectDirPath = "";
			projectRoot = "";
			targets = (
				BDE559A21EC5F154006A8A6E /* SmartHome */,
			);
		};
/* End PBXProject section */

/* Begin PBXResourcesBuildPhase section */
		BDE559A11EC5F154006A8A6E /* Resources */ = {
			isa = PBXResourcesBuildPhase;
			buildActionMask = 2147483647;
			files = (
				BDE559B61EC5F154006A8A6E /* LaunchScreen.storyboard in Resources */,
				BDE559B31EC5F154006A8A6E /* Assets.xcassets in Resources */,
			);
			runOnlyForDeploymentPostprocessing = 0;
		};
/* End PBXResourcesBuildPhase section */

/* Begin PBXShellScriptBuildPhase section */
		52C7A8C73656E4DEFDFAB05C /* [CP] Embed Pods Frameworks */ = {
			isa = PBXShellScriptBuildPhase;
			buildActionMask = 2147483647;
			files = (
			);
			inputPaths = (
			);
			name = "[CP] Embed Pods Frameworks";
			outputPaths = (
			);
			runOnlyForDeploymentPostprocessing = 0;
			shellPath = /bin/sh;
			shellScript = "\"${SRCROOT}/Pods/Target Support Files/Pods-SmartHome/Pods-SmartHome-frameworks.sh\"\n";
			showEnvVarsInLog = 0;
		};
		9BDF66442193B29A774DD40E /* [CP] Copy Pods Resources */ = {
			isa = PBXShellScriptBuildPhase;
			buildActionMask = 2147483647;
			files = (
			);
			inputPaths = (
			);
			name = "[CP] Copy Pods Resources";
			outputPaths = (
			);
			runOnlyForDeploymentPostprocessing = 0;
			shellPath = /bin/sh;
			shellScript = "\"${SRCROOT}/Pods/Target Support Files/Pods-SmartHome/Pods-SmartHome-resources.sh\"\n";
			showEnvVarsInLog = 0;
		};
		F2DD73D2440D5D5E8B8D2A31 /* [CP] Check Pods Manifest.lock */ = {
			isa = PBXShellScriptBuildPhase;
			buildActionMask = 2147483647;
			files = (
			);
			inputPaths = (
			);
			name = "[CP] Check Pods Manifest.lock";
			outputPaths = (
			);
			runOnlyForDeploymentPostprocessing = 0;
			shellPath = /bin/sh;
			shellScript = "diff \"${PODS_ROOT}/../Podfile.lock\" \"${PODS_ROOT}/Manifest.lock\" > /dev/null\nif [[ $? != 0 ]] ; then\n    cat << EOM\nerror: The sandbox is not in sync with the Podfile.lock. Run 'pod install' or update your CocoaPods installation.\nEOM\n    exit 1\nfi\n";
			showEnvVarsInLog = 0;
		};
/* End PBXShellScriptBuildPhase section */

/* Begin PBXSourcesBuildPhase section */
		BDE5599F1EC5F154006A8A6E /* Sources */ = {
			isa = PBXSourcesBuildPhase;
			buildActionMask = 2147483647;
			files = (
				BDEBC2541ED9977800FA41A7 /* SHChangePasswordViewController.m in Sources */,
				BDEBC2571ED9B7BD00FA41A7 /* SHBindGatewayViewController.m in Sources */,
				BDEBC25B1EDAC8EB00FA41A7 /* SHHomeViewController.m in Sources */,
				BDF32B211EC7711400CDBAA1 /* SHUtils.m in Sources */,
				EC0D0F4B1F0F8C7200D3A303 /* SHSecurityRegisterViewController.m in Sources */,
				BDEBC25E1EDAC91200FA41A7 /* SHHomeMessageViewController.m in Sources */,
				BD1BA1F41EF514B600369479 /* SHRegisterViewController.m in Sources */,
				EC0D0F481F0F873A00D3A303 /* SHSecurityQuestionCell.m in Sources */,
				EC0D0F451F0F7CD100D3A303 /* SHSecurityQuestionManager.m in Sources */,
				BD80BDA01F0A6B5C00A7BDD1 /* SHKeyManager.m in Sources */,
				BD1201471EDB2F9F00694B17 /* SHSettingsBaseCell.m in Sources */,
				BD80BD901EF6BD0900A7BDD1 /* SHBaseModel.m in Sources */,
				BD80BD811EF6914500A7BDD1 /* SHLockDetailHeader.m in Sources */,
				BDEBC24B1ED1AB0200FA41A7 /* SHBaseTableViewCell.m in Sources */,
				BDADA2971EEE7332008DBB0B /* SHQRCodeScannerViewController.m in Sources */,
				BD12015A1EDD548900694B17 /* RBCustomDatePickerView.m in Sources */,
				BD12014E1EDD29B300694B17 /* SHRemoteLockManager.m in Sources */,
				BD1BA1F71EF5203600369479 /* SHSecurityQuestionViewController.m in Sources */,
				BDADA29C1EEE906D008DBB0B /* SHQRCodeMaskView.m in Sources */,
				BD12015E1EDD646200694B17 /* SHSetLockPasswordViewController.m in Sources */,
				BD1201611EDD647600694B17 /* SHSetOfflinePasswordViewController.m in Sources */,
				BD876CE61EE1C2B9009CE37B /* SHWaterReaderViewController.m in Sources */,
				BD80BD8D1EF6B8B800A7BDD1 /* SHLockManager.m in Sources */,
				BD80BDA61F0A7AC100A7BDD1 /* SHKeyDetailViewController.m in Sources */,
				BD80BD7E1EF68D1500A7BDD1 /* SHBaseNavigationViewController.m in Sources */,
				BDF32B181EC75B9D00CDBAA1 /* SHBaseURL.m in Sources */,
				BD1BA2051EF6726C00369479 /* SHLockManageViewController.m in Sources */,
				BD1201351EDB1C0300694B17 /* SHBaseView.m in Sources */,
				BD1BA2081EF6738400369479 /* SHLockTableView.m in Sources */,
				BD80BD871EF6ABB900A7BDD1 /* SHUnlockRecordViewController.m in Sources */,
				BDE559AB1EC5F154006A8A6E /* AppDelegate.m in Sources */,
				BD876CEA1EE1C5A6009CE37B /* SHWaterReaderManager.m in Sources */,
				BDF32B011EC6036F00CDBAA1 /* SHBaseViewController.m in Sources */,
				BDEBC2511ED1AB3800FA41A7 /* SHLeftDrawerCell.m in Sources */,
				BD876CEE1EE1CDF2009CE37B /* SHWaterReaderModel.m in Sources */,
				BD80BD931EF6C1FE00A7BDD1 /* SHAddLockViewController.m in Sources */,
				BD80BD841EF691D700A7BDD1 /* SHLockDetailCell.m in Sources */,
				BD12013B1EDB1CB200694B17 /* SHLockKeyboardViewController.m in Sources */,
				BD97D4991ECCABC8003F0337 /* SHRootViewController.m in Sources */,
				BD1201591EDD548900694B17 /* MXSCycleScrollView.m in Sources */,
				EC0D0F421F0F7C8D00D3A303 /* SHSecurityQuestionModel.m in Sources */,
				BDEBC2481ED1AAD400FA41A7 /* SHLeftDrawerViewController.m in Sources */,
				BD1201411EDB2D2800694B17 /* SHSettingsViewController.m in Sources */,
				BD80BD781EF67DB200A7BDD1 /* SHRefreshHeader.m in Sources */,
				BD12015B1EDD548900694B17 /* FDAlertView.m in Sources */,
				BD80BD8A1EF6ADB300A7BDD1 /* SHUnlockRecordCell.m in Sources */,
				BD80BD7B1EF68AD200A7BDD1 /* SHLockDetailViewController.m in Sources */,
				BD12012F1EDB094B00694B17 /* SHRemoteLockViewController.m in Sources */,
				BD1BA1F11EF514A000369479 /* SHLoginViewController.m in Sources */,
				BD12014A1EDB313300694B17 /* SHSettingSection.m in Sources */,
				BDF32B1B1EC75C6800CDBAA1 /* SHNetworkManager.m in Sources */,
				BDF32B281EC8726600CDBAA1 /* UIImage+Color.m in Sources */,
				BD1BA20B1EF673A000369479 /* SHLockModel.m in Sources */,
				BD80BDA31F0A791800A7BDD1 /* SHKeyModel.m in Sources */,
				BDEBC24E1ED1AB1500FA41A7 /* SHBaseTableView.m in Sources */,
				BD80BD991EFEC68000A7BDD1 /* SHNotificationSettingsViewController.m in Sources */,
				BD1201321EDB099B00694B17 /* SHNavigationItem.m in Sources */,
				BDE559A81EC5F154006A8A6E /* main.m in Sources */,
				BD1BA1FD1EF66C4500369479 /* SHTabBarManager.m in Sources */,
				BD1BA20E1EF675D900369479 /* SHLockInfoCell.m in Sources */,
				BD80BDA91F0A7D2A00A7BDD1 /* SHAddKeyViewController.m in Sources */,
				BDF32B0A1EC74D6500CDBAA1 /* SHNavigationBar.m in Sources */,
				BD1BA1F01EF514A000369479 /* SHUserManager.m in Sources */,
				BD80BD961EF97B1900A7BDD1 /* SHLockEmptyCell.m in Sources */,
			);
			runOnlyForDeploymentPostprocessing = 0;
		};
/* End PBXSourcesBuildPhase section */

/* Begin PBXVariantGroup section */
		BDE559B41EC5F154006A8A6E /* LaunchScreen.storyboard */ = {
			isa = PBXVariantGroup;
			children = (
				BDE559B51EC5F154006A8A6E /* Base */,
			);
			name = LaunchScreen.storyboard;
			sourceTree = "<group>";
		};
/* End PBXVariantGroup section */

/* Begin XCBuildConfiguration section */
		BDE559B81EC5F154006A8A6E /* Debug */ = {
			isa = XCBuildConfiguration;
			buildSettings = {
				ALWAYS_SEARCH_USER_PATHS = NO;
				CLANG_ANALYZER_NONNULL = YES;
				CLANG_ANALYZER_NUMBER_OBJECT_CONVERSION = YES_AGGRESSIVE;
				CLANG_CXX_LANGUAGE_STANDARD = "gnu++0x";
				CLANG_CXX_LIBRARY = "libc++";
				CLANG_ENABLE_MODULES = YES;
				CLANG_ENABLE_OBJC_ARC = YES;
				CLANG_WARN_BOOL_CONVERSION = YES;
				CLANG_WARN_CONSTANT_CONVERSION = YES;
				CLANG_WARN_DIRECT_OBJC_ISA_USAGE = YES_ERROR;
				CLANG_WARN_DOCUMENTATION_COMMENTS = YES;
				CLANG_WARN_EMPTY_BODY = YES;
				CLANG_WARN_ENUM_CONVERSION = YES;
				CLANG_WARN_INFINITE_RECURSION = YES;
				CLANG_WARN_INT_CONVERSION = YES;
				CLANG_WARN_OBJC_ROOT_CLASS = YES_ERROR;
				CLANG_WARN_SUSPICIOUS_MOVE = YES;
				CLANG_WARN_UNREACHABLE_CODE = YES;
				CLANG_WARN__DUPLICATE_METHOD_MATCH = YES;
				"CODE_SIGN_IDENTITY[sdk=iphoneos*]" = "iPhone Developer";
				COPY_PHASE_STRIP = NO;
				DEBUG_INFORMATION_FORMAT = dwarf;
				ENABLE_STRICT_OBJC_MSGSEND = YES;
				ENABLE_TESTABILITY = YES;
				GCC_C_LANGUAGE_STANDARD = gnu99;
				GCC_DYNAMIC_NO_PIC = NO;
				GCC_NO_COMMON_BLOCKS = YES;
				GCC_OPTIMIZATION_LEVEL = 0;
				GCC_PREPROCESSOR_DEFINITIONS = (
					"DEBUG=1",
					"$(inherited)",
				);
				GCC_WARN_64_TO_32_BIT_CONVERSION = YES;
				GCC_WARN_ABOUT_RETURN_TYPE = YES_ERROR;
				GCC_WARN_UNDECLARED_SELECTOR = YES;
				GCC_WARN_UNINITIALIZED_AUTOS = YES_AGGRESSIVE;
				GCC_WARN_UNUSED_FUNCTION = YES;
				GCC_WARN_UNUSED_VARIABLE = YES;
				IPHONEOS_DEPLOYMENT_TARGET = 10.3;
				MTL_ENABLE_DEBUG_INFO = YES;
				ONLY_ACTIVE_ARCH = YES;
				SDKROOT = iphoneos;
			};
			name = Debug;
		};
		BDE559B91EC5F154006A8A6E /* Release */ = {
			isa = XCBuildConfiguration;
			buildSettings = {
				ALWAYS_SEARCH_USER_PATHS = NO;
				CLANG_ANALYZER_NONNULL = YES;
				CLANG_ANALYZER_NUMBER_OBJECT_CONVERSION = YES_AGGRESSIVE;
				CLANG_CXX_LANGUAGE_STANDARD = "gnu++0x";
				CLANG_CXX_LIBRARY = "libc++";
				CLANG_ENABLE_MODULES = YES;
				CLANG_ENABLE_OBJC_ARC = YES;
				CLANG_WARN_BOOL_CONVERSION = YES;
				CLANG_WARN_CONSTANT_CONVERSION = YES;
				CLANG_WARN_DIRECT_OBJC_ISA_USAGE = YES_ERROR;
				CLANG_WARN_DOCUMENTATION_COMMENTS = YES;
				CLANG_WARN_EMPTY_BODY = YES;
				CLANG_WARN_ENUM_CONVERSION = YES;
				CLANG_WARN_INFINITE_RECURSION = YES;
				CLANG_WARN_INT_CONVERSION = YES;
				CLANG_WARN_OBJC_ROOT_CLASS = YES_ERROR;
				CLANG_WARN_SUSPICIOUS_MOVE = YES;
				CLANG_WARN_UNREACHABLE_CODE = YES;
				CLANG_WARN__DUPLICATE_METHOD_MATCH = YES;
				"CODE_SIGN_IDENTITY[sdk=iphoneos*]" = "iPhone Developer";
				COPY_PHASE_STRIP = NO;
				DEBUG_INFORMATION_FORMAT = "dwarf-with-dsym";
				ENABLE_NS_ASSERTIONS = NO;
				ENABLE_STRICT_OBJC_MSGSEND = YES;
				GCC_C_LANGUAGE_STANDARD = gnu99;
				GCC_NO_COMMON_BLOCKS = YES;
				GCC_WARN_64_TO_32_BIT_CONVERSION = YES;
				GCC_WARN_ABOUT_RETURN_TYPE = YES_ERROR;
				GCC_WARN_UNDECLARED_SELECTOR = YES;
				GCC_WARN_UNINITIALIZED_AUTOS = YES_AGGRESSIVE;
				GCC_WARN_UNUSED_FUNCTION = YES;
				GCC_WARN_UNUSED_VARIABLE = YES;
				IPHONEOS_DEPLOYMENT_TARGET = 10.3;
				MTL_ENABLE_DEBUG_INFO = NO;
				SDKROOT = iphoneos;
				VALIDATE_PRODUCT = YES;
			};
			name = Release;
		};
		BDE559BB1EC5F154006A8A6E /* Debug */ = {
			isa = XCBuildConfiguration;
			baseConfigurationReference = BE365101791D3B7B4619F1FB /* Pods-SmartHome.debug.xcconfig */;
			buildSettings = {
				ASSETCATALOG_COMPILER_APPICON_NAME = AppIcon;
				"CODE_SIGN_IDENTITY[sdk=iphoneos*]" = "iPhone Distribution";
				DEVELOPMENT_TEAM = W8U3NWR72S;
				ENABLE_BITCODE = NO;
				FRAMEWORK_SEARCH_PATHS = (
					"$(inherited)",
					"$(PROJECT_DIR)/SmartHome/ThirdParty/IJKMediaPlayer",
				);
				GCC_PREFIX_HEADER = "$(SRCROOT)/SmartHome/PrefixHeader.pch";
				HEADER_SEARCH_PATHS = (
					"$(inherited)",
					"\"${PODS_ROOT}/Headers/Public\"",
					"\"${PODS_ROOT}/Headers/Public/OpenSSL\"",
					"\"${PODS_ROOT}/Headers/Public/Reveal-iOS-SDK\"",
					"$(PROJECT_DIR)/SmartHome/ThirdParty/IJKMediaPlayer",
				);
				INFOPLIST_FILE = SmartHome/Info.plist;
				IPHONEOS_DEPLOYMENT_TARGET = 8.0;
				LD_RUNPATH_SEARCH_PATHS = "$(inherited) @executable_path/Frameworks";
				PRODUCT_BUNDLE_IDENTIFIER = youdao.xuetang;
				PRODUCT_NAME = "$(TARGET_NAME)";
				PROVISIONING_PROFILE = "803c580f-152c-4526-a971-1c064db3202f";
				PROVISIONING_PROFILE_SPECIFIER = XueTangInHouse;
			};
			name = Debug;
		};
		BDE559BC1EC5F154006A8A6E /* Release */ = {
			isa = XCBuildConfiguration;
			baseConfigurationReference = 9E3A3FF952F96FF6B984F8AA /* Pods-SmartHome.release.xcconfig */;
			buildSettings = {
				ASSETCATALOG_COMPILER_APPICON_NAME = AppIcon;
				"CODE_SIGN_IDENTITY[sdk=iphoneos*]" = "iPhone Distribution";
				DEVELOPMENT_TEAM = W8U3NWR72S;
				ENABLE_BITCODE = NO;
				FRAMEWORK_SEARCH_PATHS = (
					"$(inherited)",
					"$(PROJECT_DIR)/SmartHome/ThirdParty/IJKMediaPlayer",
				);
				GCC_PREFIX_HEADER = "$(SRCROOT)/SmartHome/PrefixHeader.pch";
				HEADER_SEARCH_PATHS = (
					"$(inherited)",
					"\"${PODS_ROOT}/Headers/Public\"",
					"\"${PODS_ROOT}/Headers/Public/OpenSSL\"",
					"\"${PODS_ROOT}/Headers/Public/Reveal-iOS-SDK\"",
					"$(PROJECT_DIR)/SmartHome/ThirdParty/IJKMediaPlayer",
				);
				INFOPLIST_FILE = SmartHome/Info.plist;
				IPHONEOS_DEPLOYMENT_TARGET = 8.0;
				LD_RUNPATH_SEARCH_PATHS = "$(inherited) @executable_path/Frameworks";
				PRODUCT_BUNDLE_IDENTIFIER = youdao.xuetang;
				PRODUCT_NAME = "$(TARGET_NAME)";
				PROVISIONING_PROFILE = "803c580f-152c-4526-a971-1c064db3202f";
				PROVISIONING_PROFILE_SPECIFIER = XueTangInHouse;
			};
			name = Release;
		};
/* End XCBuildConfiguration section */

/* Begin XCConfigurationList section */
		BDE5599E1EC5F154006A8A6E /* Build configuration list for PBXProject "SmartHome" */ = {
			isa = XCConfigurationList;
			buildConfigurations = (
				BDE559B81EC5F154006A8A6E /* Debug */,
				BDE559B91EC5F154006A8A6E /* Release */,
			);
			defaultConfigurationIsVisible = 0;
			defaultConfigurationName = Release;
		};
		BDE559BA1EC5F154006A8A6E /* Build configuration list for PBXNativeTarget "SmartHome" */ = {
			isa = XCConfigurationList;
			buildConfigurations = (
				BDE559BB1EC5F154006A8A6E /* Debug */,
				BDE559BC1EC5F154006A8A6E /* Release */,
			);
			defaultConfigurationIsVisible = 0;
			defaultConfigurationName = Release;
		};
/* End XCConfigurationList section */
	};
	rootObject = BDE5599B1EC5F154006A8A6E /* Project object */;
}
